// !$*UTF8*$!
{
	archiveVersion = 1;
	classes = {
	};
	objectVersion = 56;
	objects = {

/* Begin PBXBuildFile section */
		5B1935B92C59CFA6001AC5B2 /* TimerView.swift in Sources */ = {isa = PBXBuildFile; fileRef = 5B1935B82C59CFA6001AC5B2 /* TimerView.swift */; };
		5B1935BF2C59E062001AC5B2 /* TimerStopLottie.json in Resources */ = {isa = PBXBuildFile; fileRef = 5B1935BE2C59E062001AC5B2 /* TimerStopLottie.json */; };
		5B1935FD2C5A2BCC001AC5B2 /* TimerHelper.swift in Sources */ = {isa = PBXBuildFile; fileRef = 5B1935FC2C5A2BCC001AC5B2 /* TimerHelper.swift */; };
		5B1935FF2C5A2BDE001AC5B2 /* TimerManager.swift in Sources */ = {isa = PBXBuildFile; fileRef = 5B1935FE2C5A2BDE001AC5B2 /* TimerManager.swift */; };
		5B1936032C5B244E001AC5B2 /* AudioPlayerViewModel.swift in Sources */ = {isa = PBXBuildFile; fileRef = 5B1936022C5B244E001AC5B2 /* AudioPlayerViewModel.swift */; };
		5B1936052C5B2576001AC5B2 /* backgroundMusic.mp3 in Resources */ = {isa = PBXBuildFile; fileRef = 5B1936042C5B2576001AC5B2 /* backgroundMusic.mp3 */; };
		5B19360B2C5C750B001AC5B2 /* Hyukoh_youngman.mp3 in Resources */ = {isa = PBXBuildFile; fileRef = 5B19360A2C5C750B001AC5B2 /* Hyukoh_youngman.mp3 */; };
		7227C47A2C5918AC0060F430 /* ChallengeDetailView.swift in Sources */ = {isa = PBXBuildFile; fileRef = 7227C4792C5918AC0060F430 /* ChallengeDetailView.swift */; };
		722AD50E2C5C72EA0008D556 /* SettingProfileView.swift in Sources */ = {isa = PBXBuildFile; fileRef = 722AD50D2C5C72EA0008D556 /* SettingProfileView.swift */; };
		72FEB9602C5A1D0100F64B71 /* ChallengeDetailViewModel.swift in Sources */ = {isa = PBXBuildFile; fileRef = 72FEB95F2C5A1D0100F64B71 /* ChallengeDetailViewModel.swift */; };
		8B14B6FE2C57766800045B7A /* LottieManager.swift in Sources */ = {isa = PBXBuildFile; fileRef = 8B14B6FD2C57766800045B7A /* LottieManager.swift */; };
		8B7543102C58892500B1C53D /* RootView.swift in Sources */ = {isa = PBXBuildFile; fileRef = 8B75430F2C58892500B1C53D /* RootView.swift */; };
		8B7543122C58894300B1C53D /* TabbarView.swift in Sources */ = {isa = PBXBuildFile; fileRef = 8B7543112C58894300B1C53D /* TabbarView.swift */; };
		8B7543142C58898D00B1C53D /* LoginView.swift in Sources */ = {isa = PBXBuildFile; fileRef = 8B7543132C58898D00B1C53D /* LoginView.swift */; };
		8B7543162C5889C500B1C53D /* SettingView.swift in Sources */ = {isa = PBXBuildFile; fileRef = 8B7543152C5889C500B1C53D /* SettingView.swift */; };
		8B7543182C588A0B00B1C53D /* Utilities.swift in Sources */ = {isa = PBXBuildFile; fileRef = 8B7543172C588A0B00B1C53D /* Utilities.swift */; };
		8B75431A2C588A4A00B1C53D /* AuthenticationManager.swift in Sources */ = {isa = PBXBuildFile; fileRef = 8B7543192C588A4A00B1C53D /* AuthenticationManager.swift */; };
		8B75431C2C588A8C00B1C53D /* SignInGoogleHelper.swift in Sources */ = {isa = PBXBuildFile; fileRef = 8B75431B2C588A8C00B1C53D /* SignInGoogleHelper.swift */; };
		8B75431E2C588AAB00B1C53D /* SignInAppleHelper.swift in Sources */ = {isa = PBXBuildFile; fileRef = 8B75431D2C588AAB00B1C53D /* SignInAppleHelper.swift */; };
		8B7543202C588AD600B1C53D /* SettingViewModel.swift in Sources */ = {isa = PBXBuildFile; fileRef = 8B75431F2C588AD600B1C53D /* SettingViewModel.swift */; };
		8B7543232C588D8E00B1C53D /* GoogleService-Info.plist in Resources */ = {isa = PBXBuildFile; fileRef = 8B7543222C588D8E00B1C53D /* GoogleService-Info.plist */; };
		8B7543272C588E0100B1C53D /* GoogleSignIn in Frameworks */ = {isa = PBXBuildFile; productRef = 8B7543262C588E0100B1C53D /* GoogleSignIn */; };
		8B7543292C588E0100B1C53D /* GoogleSignInSwift in Frameworks */ = {isa = PBXBuildFile; productRef = 8B7543282C588E0100B1C53D /* GoogleSignInSwift */; };
		8BAD01212C59CF2D002EC402 /* ChallengeUser.swift in Sources */ = {isa = PBXBuildFile; fileRef = 8BAD01202C59CF2D002EC402 /* ChallengeUser.swift */; };
		8BAD01232C59CF5F002EC402 /* UserManager.swift in Sources */ = {isa = PBXBuildFile; fileRef = 8BAD01222C59CF5F002EC402 /* UserManager.swift */; };
		8BAD01252C59D047002EC402 /* FirebaseFirestoreSwift in Frameworks */ = {isa = PBXBuildFile; productRef = 8BAD01242C59D047002EC402 /* FirebaseFirestoreSwift */; };
		8BAD01272C59D0FE002EC402 /* AuthDataResultModel.swift in Sources */ = {isa = PBXBuildFile; fileRef = 8BAD01262C59D0FE002EC402 /* AuthDataResultModel.swift */; };
		8BF2D1622C5B6ED30068A71E /* Lottie in Frameworks */ = {isa = PBXBuildFile; productRef = 8BF2D1612C5B6ED30068A71E /* Lottie */; };
		8BF2D1642C5BEB1A0068A71E /* PieChartView.swift in Sources */ = {isa = PBXBuildFile; fileRef = 8BF2D1632C5BEB1A0068A71E /* PieChartView.swift */; };
		8BF2D16C2C5E0A630068A71E /* ChallengeCompleteLottie.json in Resources */ = {isa = PBXBuildFile; fileRef = 8BF2D16B2C5E0A630068A71E /* ChallengeCompleteLottie.json */; };
		8BF2D16E2C5E0A6E0068A71E /* TimerStartLottie.json in Resources */ = {isa = PBXBuildFile; fileRef = 8BF2D16D2C5E0A6E0068A71E /* TimerStartLottie.json */; };
		8BF2D1702C5E0B240068A71E /* Splash.json in Resources */ = {isa = PBXBuildFile; fileRef = 8BF2D16F2C5E0B230068A71E /* Splash.json */; };
		AB44FE6B2C5D26E70060310F /* Challenge.swift in Sources */ = {isa = PBXBuildFile; fileRef = AB44FE6A2C5D26E70060310F /* Challenge.swift */; };
		AD13C8132C5B35E000B87781 /* ChallengeMainView.swift in Sources */ = {isa = PBXBuildFile; fileRef = AD13C8122C5B35E000B87781 /* ChallengeMainView.swift */; };
		AD13C8152C5B35FD00B87781 /* ChallengeMainViewModel.swift in Sources */ = {isa = PBXBuildFile; fileRef = AD13C8142C5B35FD00B87781 /* ChallengeMainViewModel.swift */; };
		AD13C8172C5B362C00B87781 /* FireStoreChallengeManager.swift in Sources */ = {isa = PBXBuildFile; fileRef = AD13C8162C5B362C00B87781 /* FireStoreChallengeManager.swift */; };
		AD13C8192C5B364800B87781 /* Colors.swift in Sources */ = {isa = PBXBuildFile; fileRef = AD13C8182C5B364800B87781 /* Colors.swift */; };
		AD13C81B2C5B366700B87781 /* CustomFont.swift in Sources */ = {isa = PBXBuildFile; fileRef = AD13C81A2C5B366700B87781 /* CustomFont.swift */; };
		AD13C81E2C5B368200B87781 /* LaundryOTF_Bold.otf in Resources */ = {isa = PBXBuildFile; fileRef = AD13C81C2C5B368200B87781 /* LaundryOTF_Bold.otf */; };
		AD13C81F2C5B368200B87781 /* LaundryOTF_Regular.otf in Resources */ = {isa = PBXBuildFile; fileRef = AD13C81D2C5B368200B87781 /* LaundryOTF_Regular.otf */; };
		AD13C8232C5B372000B87781 /* TextModifire.swift in Sources */ = {isa = PBXBuildFile; fileRef = AD13C8222C5B372000B87781 /* TextModifire.swift */; };
		AD13C83A2C5C72A800B87781 /* ChallengeSheetView.swift in Sources */ = {isa = PBXBuildFile; fileRef = AD13C8392C5C72A800B87781 /* ChallengeSheetView.swift */; };
		AD13C85E2C5CBC3400B87781 /* SUIT-ExtraLight.otf in Resources */ = {isa = PBXBuildFile; fileRef = AD13C8552C5CBC3300B87781 /* SUIT-ExtraLight.otf */; };
		AD13C85F2C5CBC3400B87781 /* SUIT-Regular.otf in Resources */ = {isa = PBXBuildFile; fileRef = AD13C8562C5CBC3300B87781 /* SUIT-Regular.otf */; };
		AD13C8602C5CBC3400B87781 /* SUIT-Heavy.otf in Resources */ = {isa = PBXBuildFile; fileRef = AD13C8572C5CBC3300B87781 /* SUIT-Heavy.otf */; };
		AD13C8612C5CBC3400B87781 /* SUIT-Thin.otf in Resources */ = {isa = PBXBuildFile; fileRef = AD13C8582C5CBC3300B87781 /* SUIT-Thin.otf */; };
		AD13C8622C5CBC3400B87781 /* SUIT-Bold.otf in Resources */ = {isa = PBXBuildFile; fileRef = AD13C8592C5CBC3300B87781 /* SUIT-Bold.otf */; };
		AD13C8632C5CBC3400B87781 /* SUIT-Medium.otf in Resources */ = {isa = PBXBuildFile; fileRef = AD13C85A2C5CBC3300B87781 /* SUIT-Medium.otf */; };
		AD13C8642C5CBC3400B87781 /* SUIT-SemiBold.otf in Resources */ = {isa = PBXBuildFile; fileRef = AD13C85B2C5CBC3400B87781 /* SUIT-SemiBold.otf */; };
		AD13C8652C5CBC3400B87781 /* SUIT-Light.otf in Resources */ = {isa = PBXBuildFile; fileRef = AD13C85C2C5CBC3400B87781 /* SUIT-Light.otf */; };
		AD13C8662C5CBC3400B87781 /* SUIT-ExtraBold.otf in Resources */ = {isa = PBXBuildFile; fileRef = AD13C85D2C5CBC3400B87781 /* SUIT-ExtraBold.otf */; };
		AD13C8702C5CC63D00B87781 /* Pretendard-Black.otf in Resources */ = {isa = PBXBuildFile; fileRef = AD13C8672C5CC63C00B87781 /* Pretendard-Black.otf */; };
		AD13C8712C5CC63D00B87781 /* Pretendard-Medium.otf in Resources */ = {isa = PBXBuildFile; fileRef = AD13C8682C5CC63C00B87781 /* Pretendard-Medium.otf */; };
		AD13C8722C5CC63D00B87781 /* Pretendard-Regular.otf in Resources */ = {isa = PBXBuildFile; fileRef = AD13C8692C5CC63C00B87781 /* Pretendard-Regular.otf */; };
		AD13C8732C5CC63D00B87781 /* Pretendard-ExtraLight.otf in Resources */ = {isa = PBXBuildFile; fileRef = AD13C86A2C5CC63D00B87781 /* Pretendard-ExtraLight.otf */; };
		AD13C8742C5CC63D00B87781 /* Pretendard-Thin.otf in Resources */ = {isa = PBXBuildFile; fileRef = AD13C86B2C5CC63D00B87781 /* Pretendard-Thin.otf */; };
		AD13C8752C5CC63D00B87781 /* Pretendard-ExtraBold.otf in Resources */ = {isa = PBXBuildFile; fileRef = AD13C86C2C5CC63D00B87781 /* Pretendard-ExtraBold.otf */; };
		AD13C8762C5CC63D00B87781 /* Pretendard-SemiBold.otf in Resources */ = {isa = PBXBuildFile; fileRef = AD13C86D2C5CC63D00B87781 /* Pretendard-SemiBold.otf */; };
		AD13C8772C5CC63D00B87781 /* Pretendard-Light.otf in Resources */ = {isa = PBXBuildFile; fileRef = AD13C86E2C5CC63D00B87781 /* Pretendard-Light.otf */; };
		AD13C8782C5CC63D00B87781 /* Pretendard-Bold.otf in Resources */ = {isa = PBXBuildFile; fileRef = AD13C86F2C5CC63D00B87781 /* Pretendard-Bold.otf */; };
		ADB8C45B2C4F7E2F00D5B9BC /* TeemonDeoApp.swift in Sources */ = {isa = PBXBuildFile; fileRef = ADB8C45A2C4F7E2F00D5B9BC /* TeemonDeoApp.swift */; };
		ADB8C45D2C4F7E2F00D5B9BC /* ContentView.swift in Sources */ = {isa = PBXBuildFile; fileRef = ADB8C45C2C4F7E2F00D5B9BC /* ContentView.swift */; };
		ADB8C45F2C4F7E3000D5B9BC /* Assets.xcassets in Resources */ = {isa = PBXBuildFile; fileRef = ADB8C45E2C4F7E3000D5B9BC /* Assets.xcassets */; };
		ADB8C4622C4F7E3000D5B9BC /* Preview Assets.xcassets in Resources */ = {isa = PBXBuildFile; fileRef = ADB8C4612C4F7E3000D5B9BC /* Preview Assets.xcassets */; };
		ADB8C46E2C4F7F4400D5B9BC /* FirebaseAuth in Frameworks */ = {isa = PBXBuildFile; productRef = ADB8C46D2C4F7F4400D5B9BC /* FirebaseAuth */; };
		ADB8C4702C4F7F4400D5B9BC /* FirebaseFirestore in Frameworks */ = {isa = PBXBuildFile; productRef = ADB8C46F2C4F7F4400D5B9BC /* FirebaseFirestore */; };
		ADB8C4722C4F7F4400D5B9BC /* FirebaseStorage in Frameworks */ = {isa = PBXBuildFile; productRef = ADB8C4712C4F7F4400D5B9BC /* FirebaseStorage */; };
/* End PBXBuildFile section */

/* Begin PBXFileReference section */
		5B1935B82C59CFA6001AC5B2 /* TimerView.swift */ = {isa = PBXFileReference; lastKnownFileType = sourcecode.swift; path = TimerView.swift; sourceTree = "<group>"; };
		5B1935BE2C59E062001AC5B2 /* TimerStopLottie.json */ = {isa = PBXFileReference; fileEncoding = 4; lastKnownFileType = text.json; path = TimerStopLottie.json; sourceTree = "<group>"; };
		5B1935FC2C5A2BCC001AC5B2 /* TimerHelper.swift */ = {isa = PBXFileReference; lastKnownFileType = sourcecode.swift; name = TimerHelper.swift; path = TeemonDeo/Services/TimerHelper.swift; sourceTree = SOURCE_ROOT; };
		5B1935FE2C5A2BDE001AC5B2 /* TimerManager.swift */ = {isa = PBXFileReference; lastKnownFileType = sourcecode.swift; name = TimerManager.swift; path = TeemonDeo/Services/TimerManager.swift; sourceTree = SOURCE_ROOT; };
		5B1936022C5B244E001AC5B2 /* AudioPlayerViewModel.swift */ = {isa = PBXFileReference; lastKnownFileType = sourcecode.swift; name = AudioPlayerViewModel.swift; path = TeemonDeo/ViewModels/AudioPlayerViewModel.swift; sourceTree = SOURCE_ROOT; };
		5B1936042C5B2576001AC5B2 /* backgroundMusic.mp3 */ = {isa = PBXFileReference; lastKnownFileType = audio.mp3; path = backgroundMusic.mp3; sourceTree = "<group>"; };
		5B19360A2C5C750B001AC5B2 /* Hyukoh_youngman.mp3 */ = {isa = PBXFileReference; lastKnownFileType = audio.mp3; path = Hyukoh_youngman.mp3; sourceTree = "<group>"; };
		7227C4792C5918AC0060F430 /* ChallengeDetailView.swift */ = {isa = PBXFileReference; lastKnownFileType = sourcecode.swift; path = ChallengeDetailView.swift; sourceTree = "<group>"; };
		722AD50D2C5C72EA0008D556 /* SettingProfileView.swift */ = {isa = PBXFileReference; lastKnownFileType = sourcecode.swift; path = SettingProfileView.swift; sourceTree = "<group>"; };
		72FEB95F2C5A1D0100F64B71 /* ChallengeDetailViewModel.swift */ = {isa = PBXFileReference; lastKnownFileType = sourcecode.swift; path = ChallengeDetailViewModel.swift; sourceTree = "<group>"; };
		8B14B6FD2C57766800045B7A /* LottieManager.swift */ = {isa = PBXFileReference; lastKnownFileType = sourcecode.swift; path = LottieManager.swift; sourceTree = "<group>"; };
		8B75430F2C58892500B1C53D /* RootView.swift */ = {isa = PBXFileReference; lastKnownFileType = sourcecode.swift; path = RootView.swift; sourceTree = "<group>"; };
		8B7543112C58894300B1C53D /* TabbarView.swift */ = {isa = PBXFileReference; lastKnownFileType = sourcecode.swift; path = TabbarView.swift; sourceTree = "<group>"; };
		8B7543132C58898D00B1C53D /* LoginView.swift */ = {isa = PBXFileReference; lastKnownFileType = sourcecode.swift; path = LoginView.swift; sourceTree = "<group>"; };
		8B7543152C5889C500B1C53D /* SettingView.swift */ = {isa = PBXFileReference; lastKnownFileType = sourcecode.swift; path = SettingView.swift; sourceTree = "<group>"; };
		8B7543172C588A0B00B1C53D /* Utilities.swift */ = {isa = PBXFileReference; lastKnownFileType = sourcecode.swift; path = Utilities.swift; sourceTree = "<group>"; };
		8B7543192C588A4A00B1C53D /* AuthenticationManager.swift */ = {isa = PBXFileReference; lastKnownFileType = sourcecode.swift; name = AuthenticationManager.swift; path = TeemonDeo/Services/AuthenticationManager.swift; sourceTree = SOURCE_ROOT; };
		8B75431B2C588A8C00B1C53D /* SignInGoogleHelper.swift */ = {isa = PBXFileReference; lastKnownFileType = sourcecode.swift; name = SignInGoogleHelper.swift; path = TeemonDeo/Services/SignInGoogleHelper.swift; sourceTree = SOURCE_ROOT; };
		8B75431D2C588AAB00B1C53D /* SignInAppleHelper.swift */ = {isa = PBXFileReference; lastKnownFileType = sourcecode.swift; name = SignInAppleHelper.swift; path = TeemonDeo/Services/SignInAppleHelper.swift; sourceTree = SOURCE_ROOT; };
		8B75431F2C588AD600B1C53D /* SettingViewModel.swift */ = {isa = PBXFileReference; lastKnownFileType = sourcecode.swift; name = SettingViewModel.swift; path = TeemonDeo/ViewModels/SettingViewModel.swift; sourceTree = SOURCE_ROOT; };
		8B7543212C588CFC00B1C53D /* TeemonDeo.entitlements */ = {isa = PBXFileReference; lastKnownFileType = text.plist.entitlements; path = TeemonDeo.entitlements; sourceTree = "<group>"; };
		8B7543222C588D8E00B1C53D /* GoogleService-Info.plist */ = {isa = PBXFileReference; fileEncoding = 4; lastKnownFileType = text.plist.xml; path = "GoogleService-Info.plist"; sourceTree = "<group>"; };
		8B7543242C588DA200B1C53D /* Info.plist */ = {isa = PBXFileReference; lastKnownFileType = text.plist; path = Info.plist; sourceTree = "<group>"; };
		8BAD01202C59CF2D002EC402 /* ChallengeUser.swift */ = {isa = PBXFileReference; lastKnownFileType = sourcecode.swift; path = ChallengeUser.swift; sourceTree = "<group>"; };
		8BAD01222C59CF5F002EC402 /* UserManager.swift */ = {isa = PBXFileReference; lastKnownFileType = sourcecode.swift; name = UserManager.swift; path = TeemonDeo/Services/UserManager.swift; sourceTree = SOURCE_ROOT; };
		8BAD01262C59D0FE002EC402 /* AuthDataResultModel.swift */ = {isa = PBXFileReference; lastKnownFileType = sourcecode.swift; path = AuthDataResultModel.swift; sourceTree = "<group>"; };
		8BF2D1632C5BEB1A0068A71E /* PieChartView.swift */ = {isa = PBXFileReference; lastKnownFileType = sourcecode.swift; path = PieChartView.swift; sourceTree = "<group>"; };
		8BF2D16B2C5E0A630068A71E /* ChallengeCompleteLottie.json */ = {isa = PBXFileReference; fileEncoding = 4; lastKnownFileType = text.json; path = ChallengeCompleteLottie.json; sourceTree = "<group>"; };
		8BF2D16D2C5E0A6E0068A71E /* TimerStartLottie.json */ = {isa = PBXFileReference; fileEncoding = 4; lastKnownFileType = text.json; path = TimerStartLottie.json; sourceTree = "<group>"; };
		8BF2D16F2C5E0B230068A71E /* Splash.json */ = {isa = PBXFileReference; fileEncoding = 4; lastKnownFileType = text.json; path = Splash.json; sourceTree = "<group>"; };
		AB44FE6A2C5D26E70060310F /* Challenge.swift */ = {isa = PBXFileReference; lastKnownFileType = sourcecode.swift; path = Challenge.swift; sourceTree = "<group>"; };
		AD13C8122C5B35E000B87781 /* ChallengeMainView.swift */ = {isa = PBXFileReference; lastKnownFileType = sourcecode.swift; path = ChallengeMainView.swift; sourceTree = "<group>"; };
		AD13C8142C5B35FD00B87781 /* ChallengeMainViewModel.swift */ = {isa = PBXFileReference; lastKnownFileType = sourcecode.swift; path = ChallengeMainViewModel.swift; sourceTree = "<group>"; };
		AD13C8162C5B362C00B87781 /* FireStoreChallengeManager.swift */ = {isa = PBXFileReference; lastKnownFileType = sourcecode.swift; path = FireStoreChallengeManager.swift; sourceTree = "<group>"; };
		AD13C8182C5B364800B87781 /* Colors.swift */ = {isa = PBXFileReference; lastKnownFileType = sourcecode.swift; path = Colors.swift; sourceTree = "<group>"; };
		AD13C81A2C5B366700B87781 /* CustomFont.swift */ = {isa = PBXFileReference; lastKnownFileType = sourcecode.swift; path = CustomFont.swift; sourceTree = "<group>"; };
		AD13C81C2C5B368200B87781 /* LaundryOTF_Bold.otf */ = {isa = PBXFileReference; lastKnownFileType = file; path = LaundryOTF_Bold.otf; sourceTree = "<group>"; };
		AD13C81D2C5B368200B87781 /* LaundryOTF_Regular.otf */ = {isa = PBXFileReference; lastKnownFileType = file; path = LaundryOTF_Regular.otf; sourceTree = "<group>"; };
		AD13C8222C5B372000B87781 /* TextModifire.swift */ = {isa = PBXFileReference; lastKnownFileType = sourcecode.swift; path = TextModifire.swift; sourceTree = "<group>"; };
		AD13C8392C5C72A800B87781 /* ChallengeSheetView.swift */ = {isa = PBXFileReference; lastKnownFileType = sourcecode.swift; path = ChallengeSheetView.swift; sourceTree = "<group>"; };
		AD13C8552C5CBC3300B87781 /* SUIT-ExtraLight.otf */ = {isa = PBXFileReference; lastKnownFileType = file; path = "SUIT-ExtraLight.otf"; sourceTree = "<group>"; };
		AD13C8562C5CBC3300B87781 /* SUIT-Regular.otf */ = {isa = PBXFileReference; lastKnownFileType = file; path = "SUIT-Regular.otf"; sourceTree = "<group>"; };
		AD13C8572C5CBC3300B87781 /* SUIT-Heavy.otf */ = {isa = PBXFileReference; lastKnownFileType = file; path = "SUIT-Heavy.otf"; sourceTree = "<group>"; };
		AD13C8582C5CBC3300B87781 /* SUIT-Thin.otf */ = {isa = PBXFileReference; lastKnownFileType = file; path = "SUIT-Thin.otf"; sourceTree = "<group>"; };
		AD13C8592C5CBC3300B87781 /* SUIT-Bold.otf */ = {isa = PBXFileReference; lastKnownFileType = file; path = "SUIT-Bold.otf"; sourceTree = "<group>"; };
		AD13C85A2C5CBC3300B87781 /* SUIT-Medium.otf */ = {isa = PBXFileReference; lastKnownFileType = file; path = "SUIT-Medium.otf"; sourceTree = "<group>"; };
		AD13C85B2C5CBC3400B87781 /* SUIT-SemiBold.otf */ = {isa = PBXFileReference; lastKnownFileType = file; path = "SUIT-SemiBold.otf"; sourceTree = "<group>"; };
		AD13C85C2C5CBC3400B87781 /* SUIT-Light.otf */ = {isa = PBXFileReference; lastKnownFileType = file; path = "SUIT-Light.otf"; sourceTree = "<group>"; };
		AD13C85D2C5CBC3400B87781 /* SUIT-ExtraBold.otf */ = {isa = PBXFileReference; lastKnownFileType = file; path = "SUIT-ExtraBold.otf"; sourceTree = "<group>"; };
		AD13C8672C5CC63C00B87781 /* Pretendard-Black.otf */ = {isa = PBXFileReference; lastKnownFileType = file; path = "Pretendard-Black.otf"; sourceTree = "<group>"; };
		AD13C8682C5CC63C00B87781 /* Pretendard-Medium.otf */ = {isa = PBXFileReference; lastKnownFileType = file; path = "Pretendard-Medium.otf"; sourceTree = "<group>"; };
		AD13C8692C5CC63C00B87781 /* Pretendard-Regular.otf */ = {isa = PBXFileReference; lastKnownFileType = file; path = "Pretendard-Regular.otf"; sourceTree = "<group>"; };
		AD13C86A2C5CC63D00B87781 /* Pretendard-ExtraLight.otf */ = {isa = PBXFileReference; lastKnownFileType = file; path = "Pretendard-ExtraLight.otf"; sourceTree = "<group>"; };
		AD13C86B2C5CC63D00B87781 /* Pretendard-Thin.otf */ = {isa = PBXFileReference; lastKnownFileType = file; path = "Pretendard-Thin.otf"; sourceTree = "<group>"; };
		AD13C86C2C5CC63D00B87781 /* Pretendard-ExtraBold.otf */ = {isa = PBXFileReference; lastKnownFileType = file; path = "Pretendard-ExtraBold.otf"; sourceTree = "<group>"; };
		AD13C86D2C5CC63D00B87781 /* Pretendard-SemiBold.otf */ = {isa = PBXFileReference; lastKnownFileType = file; path = "Pretendard-SemiBold.otf"; sourceTree = "<group>"; };
		AD13C86E2C5CC63D00B87781 /* Pretendard-Light.otf */ = {isa = PBXFileReference; lastKnownFileType = file; path = "Pretendard-Light.otf"; sourceTree = "<group>"; };
		AD13C86F2C5CC63D00B87781 /* Pretendard-Bold.otf */ = {isa = PBXFileReference; lastKnownFileType = file; path = "Pretendard-Bold.otf"; sourceTree = "<group>"; };
		ADB8C4572C4F7E2F00D5B9BC /* TeemonDeo.app */ = {isa = PBXFileReference; explicitFileType = wrapper.application; includeInIndex = 0; path = TeemonDeo.app; sourceTree = BUILT_PRODUCTS_DIR; };
		ADB8C45A2C4F7E2F00D5B9BC /* TeemonDeoApp.swift */ = {isa = PBXFileReference; lastKnownFileType = sourcecode.swift; path = TeemonDeoApp.swift; sourceTree = "<group>"; };
		ADB8C45C2C4F7E2F00D5B9BC /* ContentView.swift */ = {isa = PBXFileReference; lastKnownFileType = sourcecode.swift; path = ContentView.swift; sourceTree = "<group>"; };
		ADB8C45E2C4F7E3000D5B9BC /* Assets.xcassets */ = {isa = PBXFileReference; lastKnownFileType = folder.assetcatalog; path = Assets.xcassets; sourceTree = "<group>"; };
		ADB8C4612C4F7E3000D5B9BC /* Preview Assets.xcassets */ = {isa = PBXFileReference; lastKnownFileType = folder.assetcatalog; path = "Preview Assets.xcassets"; sourceTree = "<group>"; };
/* End PBXFileReference section */

/* Begin PBXFrameworksBuildPhase section */
		ADB8C4542C4F7E2F00D5B9BC /* Frameworks */ = {
			isa = PBXFrameworksBuildPhase;
			buildActionMask = 2147483647;
			files = (
				8B7543272C588E0100B1C53D /* GoogleSignIn in Frameworks */,
				8BF2D1622C5B6ED30068A71E /* Lottie in Frameworks */,
				ADB8C46E2C4F7F4400D5B9BC /* FirebaseAuth in Frameworks */,
				ADB8C4702C4F7F4400D5B9BC /* FirebaseFirestore in Frameworks */,
				8BAD01252C59D047002EC402 /* FirebaseFirestoreSwift in Frameworks */,
				8B7543292C588E0100B1C53D /* GoogleSignInSwift in Frameworks */,
				ADB8C4722C4F7F4400D5B9BC /* FirebaseStorage in Frameworks */,
			);
			runOnlyForDeploymentPostprocessing = 0;
		};
/* End PBXFrameworksBuildPhase section */

/* Begin PBXGroup section */
		AD13C8212C5B370600B87781 /* Modifiers */ = {
			isa = PBXGroup;
			children = (
				AD13C8222C5B372000B87781 /* TextModifire.swift */,
			);
			path = Modifiers;
			sourceTree = "<group>";
		};
		ADB8C44E2C4F7E2F00D5B9BC = {
			isa = PBXGroup;
			children = (
				ADB8C4592C4F7E2F00D5B9BC /* TeemonDeo */,
				ADB8C4582C4F7E2F00D5B9BC /* Products */,
			);
			sourceTree = "<group>";
		};
		ADB8C4582C4F7E2F00D5B9BC /* Products */ = {
			isa = PBXGroup;
			children = (
				ADB8C4572C4F7E2F00D5B9BC /* TeemonDeo.app */,
			);
			name = Products;
			sourceTree = "<group>";
		};
		ADB8C4592C4F7E2F00D5B9BC /* TeemonDeo */ = {
			isa = PBXGroup;
			children = (
				8B7543242C588DA200B1C53D /* Info.plist */,
				8B7543222C588D8E00B1C53D /* GoogleService-Info.plist */,
				8B7543212C588CFC00B1C53D /* TeemonDeo.entitlements */,
				ADB8C47A2C4F801E00D5B9BC /* App */,
				ADB8C4792C4F801800D5B9BC /* Models */,
				ADB8C4782C4F800D00D5B9BC /* Views */,
				ADB8C4772C4F800000D5B9BC /* ViewModels */,
				ADB8C4762C4F7FF000D5B9BC /* Services */,
				ADB8C4752C4F7FE700D5B9BC /* Utils */,
				ADB8C4742C4F7FDA00D5B9BC /* Resources */,
				ADB8C4602C4F7E3000D5B9BC /* Preview Content */,
				ADB8C4732C4F7FCD00D5B9BC /* Others */,
			);
			path = TeemonDeo;
			sourceTree = "<group>";
		};
		ADB8C4602C4F7E3000D5B9BC /* Preview Content */ = {
			isa = PBXGroup;
			children = (
				ADB8C4612C4F7E3000D5B9BC /* Preview Assets.xcassets */,
			);
			path = "Preview Content";
			sourceTree = "<group>";
		};
		ADB8C4732C4F7FCD00D5B9BC /* Others */ = {
			isa = PBXGroup;
			children = (
				8BF2D16B2C5E0A630068A71E /* ChallengeCompleteLottie.json */,
				8BF2D16D2C5E0A6E0068A71E /* TimerStartLottie.json */,
				5B1935BE2C59E062001AC5B2 /* TimerStopLottie.json */,
				8BF2D16F2C5E0B230068A71E /* Splash.json */,
			);
			path = Others;
			sourceTree = "<group>";
		};
		ADB8C4742C4F7FDA00D5B9BC /* Resources */ = {
			isa = PBXGroup;
			children = (
				5B19360A2C5C750B001AC5B2 /* Hyukoh_youngman.mp3 */,
				5B1936042C5B2576001AC5B2 /* backgroundMusic.mp3 */,
				ADB8C45E2C4F7E3000D5B9BC /* Assets.xcassets */,
				AD13C8212C5B370600B87781 /* Modifiers */,
				ADB8C47C2C4F804300D5B9BC /* Colors */,
				ADB8C47B2C4F803500D5B9BC /* Fonts */,
			);
			path = Resources;
			sourceTree = "<group>";
		};
		ADB8C4752C4F7FE700D5B9BC /* Utils */ = {
			isa = PBXGroup;
			children = (
				8B14B6FD2C57766800045B7A /* LottieManager.swift */,
				8B7543172C588A0B00B1C53D /* Utilities.swift */,
			);
			path = Utils;
			sourceTree = "<group>";
		};
		ADB8C4762C4F7FF000D5B9BC /* Services */ = {
			isa = PBXGroup;
			children = (
				8B7543192C588A4A00B1C53D /* AuthenticationManager.swift */,
				5B1935FE2C5A2BDE001AC5B2 /* TimerManager.swift */,
				5B1935FC2C5A2BCC001AC5B2 /* TimerHelper.swift */,
				8BAD01222C59CF5F002EC402 /* UserManager.swift */,
				8B75431B2C588A8C00B1C53D /* SignInGoogleHelper.swift */,
				8B75431D2C588AAB00B1C53D /* SignInAppleHelper.swift */,
				AD13C8162C5B362C00B87781 /* FireStoreChallengeManager.swift */,
			);
			path = Services;
			sourceTree = "<group>";
		};
		ADB8C4772C4F800000D5B9BC /* ViewModels */ = {
			isa = PBXGroup;
			children = (
				8B75431F2C588AD600B1C53D /* SettingViewModel.swift */,
				5B1936022C5B244E001AC5B2 /* AudioPlayerViewModel.swift */,
				72FEB95F2C5A1D0100F64B71 /* ChallengeDetailViewModel.swift */,
				AD13C8142C5B35FD00B87781 /* ChallengeMainViewModel.swift */,
			);
			path = ViewModels;
			sourceTree = "<group>";
		};
		ADB8C4782C4F800D00D5B9BC /* Views */ = {
			isa = PBXGroup;
			children = (
				ADB8C45C2C4F7E2F00D5B9BC /* ContentView.swift */,
				5B1935B82C59CFA6001AC5B2 /* TimerView.swift */,
				8B75430F2C58892500B1C53D /* RootView.swift */,
				8B7543112C58894300B1C53D /* TabbarView.swift */,
				8B7543132C58898D00B1C53D /* LoginView.swift */,
				8B7543152C5889C500B1C53D /* SettingView.swift */,
				7227C4792C5918AC0060F430 /* ChallengeDetailView.swift */,
				AD13C8122C5B35E000B87781 /* ChallengeMainView.swift */,
				722AD50D2C5C72EA0008D556 /* SettingProfileView.swift */,
				8BF2D1632C5BEB1A0068A71E /* PieChartView.swift */,
				AD13C8392C5C72A800B87781 /* ChallengeSheetView.swift */,
			);
			path = Views;
			sourceTree = "<group>";
		};
		ADB8C4792C4F801800D5B9BC /* Models */ = {
			isa = PBXGroup;
			children = (
				8BAD01202C59CF2D002EC402 /* ChallengeUser.swift */,
				8BAD01262C59D0FE002EC402 /* AuthDataResultModel.swift */,
				AB44FE6A2C5D26E70060310F /* Challenge.swift */,
			);
			path = Models;
			sourceTree = "<group>";
		};
		ADB8C47A2C4F801E00D5B9BC /* App */ = {
			isa = PBXGroup;
			children = (
				ADB8C45A2C4F7E2F00D5B9BC /* TeemonDeoApp.swift */,
			);
			path = App;
			sourceTree = "<group>";
		};
		ADB8C47B2C4F803500D5B9BC /* Fonts */ = {
			isa = PBXGroup;
			children = (
				AD13C8672C5CC63C00B87781 /* Pretendard-Black.otf */,
				AD13C86F2C5CC63D00B87781 /* Pretendard-Bold.otf */,
				AD13C86C2C5CC63D00B87781 /* Pretendard-ExtraBold.otf */,
				AD13C86A2C5CC63D00B87781 /* Pretendard-ExtraLight.otf */,
				AD13C86E2C5CC63D00B87781 /* Pretendard-Light.otf */,
				AD13C8682C5CC63C00B87781 /* Pretendard-Medium.otf */,
				AD13C8692C5CC63C00B87781 /* Pretendard-Regular.otf */,
				AD13C86D2C5CC63D00B87781 /* Pretendard-SemiBold.otf */,
				AD13C86B2C5CC63D00B87781 /* Pretendard-Thin.otf */,
				AD13C8592C5CBC3300B87781 /* SUIT-Bold.otf */,
				AD13C85D2C5CBC3400B87781 /* SUIT-ExtraBold.otf */,
				AD13C8552C5CBC3300B87781 /* SUIT-ExtraLight.otf */,
				AD13C8572C5CBC3300B87781 /* SUIT-Heavy.otf */,
				AD13C85C2C5CBC3400B87781 /* SUIT-Light.otf */,
				AD13C85A2C5CBC3300B87781 /* SUIT-Medium.otf */,
				AD13C8562C5CBC3300B87781 /* SUIT-Regular.otf */,
				AD13C85B2C5CBC3400B87781 /* SUIT-SemiBold.otf */,
				AD13C8582C5CBC3300B87781 /* SUIT-Thin.otf */,
				AD13C81C2C5B368200B87781 /* LaundryOTF_Bold.otf */,
				AD13C81D2C5B368200B87781 /* LaundryOTF_Regular.otf */,
				AD13C81A2C5B366700B87781 /* CustomFont.swift */,
			);
			path = Fonts;
			sourceTree = "<group>";
		};
		ADB8C47C2C4F804300D5B9BC /* Colors */ = {
			isa = PBXGroup;
			children = (
				AD13C8182C5B364800B87781 /* Colors.swift */,
			);
			path = Colors;
			sourceTree = "<group>";
		};
/* End PBXGroup section */

/* Begin PBXNativeTarget section */
		ADB8C4562C4F7E2F00D5B9BC /* TeemonDeo */ = {
			isa = PBXNativeTarget;
			buildConfigurationList = ADB8C4652C4F7E3000D5B9BC /* Build configuration list for PBXNativeTarget "TeemonDeo" */;
			buildPhases = (
				ADB8C4532C4F7E2F00D5B9BC /* Sources */,
				ADB8C4542C4F7E2F00D5B9BC /* Frameworks */,
				ADB8C4552C4F7E2F00D5B9BC /* Resources */,
			);
			buildRules = (
			);
			dependencies = (
			);
			name = TeemonDeo;
			packageProductDependencies = (
				ADB8C46D2C4F7F4400D5B9BC /* FirebaseAuth */,
				ADB8C46F2C4F7F4400D5B9BC /* FirebaseFirestore */,
				ADB8C4712C4F7F4400D5B9BC /* FirebaseStorage */,
				8B7543262C588E0100B1C53D /* GoogleSignIn */,
				8B7543282C588E0100B1C53D /* GoogleSignInSwift */,
				8BAD01242C59D047002EC402 /* FirebaseFirestoreSwift */,
				8BF2D1612C5B6ED30068A71E /* Lottie */,
			);
			productName = TeemonDeo;
			productReference = ADB8C4572C4F7E2F00D5B9BC /* TeemonDeo.app */;
			productType = "com.apple.product-type.application";
		};
/* End PBXNativeTarget section */

/* Begin PBXProject section */
		ADB8C44F2C4F7E2F00D5B9BC /* Project object */ = {
			isa = PBXProject;
			attributes = {
				BuildIndependentTargetsInParallel = 1;
				LastSwiftUpdateCheck = 1540;
				LastUpgradeCheck = 1540;
				TargetAttributes = {
					ADB8C4562C4F7E2F00D5B9BC = {
						CreatedOnToolsVersion = 15.4;
					};
				};
			};
			buildConfigurationList = ADB8C4522C4F7E2F00D5B9BC /* Build configuration list for PBXProject "TeemonDeo" */;
			compatibilityVersion = "Xcode 14.0";
			developmentRegion = en;
			hasScannedForEncodings = 0;
			knownRegions = (
				en,
				Base,
			);
			mainGroup = ADB8C44E2C4F7E2F00D5B9BC;
			packageReferences = (
				ADB8C46C2C4F7F4400D5B9BC /* XCRemoteSwiftPackageReference "firebase-ios-sdk" */,
				8B7543252C588E0100B1C53D /* XCRemoteSwiftPackageReference "GoogleSignIn-iOS" */,
				8BF2D1602C5B6ED30068A71E /* XCRemoteSwiftPackageReference "lottie-ios" */,
			);
			productRefGroup = ADB8C4582C4F7E2F00D5B9BC /* Products */;
			projectDirPath = "";
			projectRoot = "";
			targets = (
				ADB8C4562C4F7E2F00D5B9BC /* TeemonDeo */,
			);
		};
/* End PBXProject section */

/* Begin PBXResourcesBuildPhase section */
		ADB8C4552C4F7E2F00D5B9BC /* Resources */ = {
			isa = PBXResourcesBuildPhase;
			buildActionMask = 2147483647;
			files = (
				AD13C8602C5CBC3400B87781 /* SUIT-Heavy.otf in Resources */,
				AD13C8782C5CC63D00B87781 /* Pretendard-Bold.otf in Resources */,
				AD13C85E2C5CBC3400B87781 /* SUIT-ExtraLight.otf in Resources */,
				AD13C8752C5CC63D00B87781 /* Pretendard-ExtraBold.otf in Resources */,
				AD13C8772C5CC63D00B87781 /* Pretendard-Light.otf in Resources */,
				AD13C8642C5CBC3400B87781 /* SUIT-SemiBold.otf in Resources */,
				AD13C8712C5CC63D00B87781 /* Pretendard-Medium.otf in Resources */,
				ADB8C4622C4F7E3000D5B9BC /* Preview Assets.xcassets in Resources */,
				AD13C8732C5CC63D00B87781 /* Pretendard-ExtraLight.otf in Resources */,
				AD13C85F2C5CBC3400B87781 /* SUIT-Regular.otf in Resources */,
				AD13C81F2C5B368200B87781 /* LaundryOTF_Regular.otf in Resources */,
				AD13C8662C5CBC3400B87781 /* SUIT-ExtraBold.otf in Resources */,
				AD13C8762C5CC63D00B87781 /* Pretendard-SemiBold.otf in Resources */,
				8BF2D16E2C5E0A6E0068A71E /* TimerStartLottie.json in Resources */,
				8BF2D1702C5E0B240068A71E /* Splash.json in Resources */,
				AD13C8622C5CBC3400B87781 /* SUIT-Bold.otf in Resources */,
				AD13C8742C5CC63D00B87781 /* Pretendard-Thin.otf in Resources */,
				AD13C8612C5CBC3400B87781 /* SUIT-Thin.otf in Resources */,
				AD13C8632C5CBC3400B87781 /* SUIT-Medium.otf in Resources */,
				AD13C8722C5CC63D00B87781 /* Pretendard-Regular.otf in Resources */,
				5B1936052C5B2576001AC5B2 /* backgroundMusic.mp3 in Resources */,
				8B7543232C588D8E00B1C53D /* GoogleService-Info.plist in Resources */,
				5B1935BF2C59E062001AC5B2 /* TimerStopLottie.json in Resources */,
				AD13C81F2C5B368200B87781 /* LaundryOTF_Regular.otf in Resources */,
				AD13C81E2C5B368200B87781 /* LaundryOTF_Bold.otf in Resources */,
				ADB8C45F2C4F7E3000D5B9BC /* Assets.xcassets in Resources */,
				8BF2D16C2C5E0A630068A71E /* ChallengeCompleteLottie.json in Resources */,
				AD13C8702C5CC63D00B87781 /* Pretendard-Black.otf in Resources */,
				AD13C8652C5CBC3400B87781 /* SUIT-Light.otf in Resources */,
				5B19360B2C5C750B001AC5B2 /* Hyukoh_youngman.mp3 in Resources */,
			);
			runOnlyForDeploymentPostprocessing = 0;
		};
/* End PBXResourcesBuildPhase section */

/* Begin PBXSourcesBuildPhase section */
		ADB8C4532C4F7E2F00D5B9BC /* Sources */ = {
			isa = PBXSourcesBuildPhase;
			buildActionMask = 2147483647;
			files = (
				8BF2D1642C5BEB1A0068A71E /* PieChartView.swift in Sources */,
				5B1936032C5B244E001AC5B2 /* AudioPlayerViewModel.swift in Sources */,
				8B75431C2C588A8C00B1C53D /* SignInGoogleHelper.swift in Sources */,
				8B7543142C58898D00B1C53D /* LoginView.swift in Sources */,
				AD13C8192C5B364800B87781 /* Colors.swift in Sources */,
				AD13C8232C5B372000B87781 /* TextModifire.swift in Sources */,
				8BAD01232C59CF5F002EC402 /* UserManager.swift in Sources */,
				8B7543102C58892500B1C53D /* RootView.swift in Sources */,
				ADB8C45D2C4F7E2F00D5B9BC /* ContentView.swift in Sources */,
				AD13C83A2C5C72A800B87781 /* ChallengeSheetView.swift in Sources */,
				8B75431A2C588A4A00B1C53D /* AuthenticationManager.swift in Sources */,
				5B1935B92C59CFA6001AC5B2 /* TimerView.swift in Sources */,
				5B1935FF2C5A2BDE001AC5B2 /* TimerManager.swift in Sources */,
				AD13C81B2C5B366700B87781 /* CustomFont.swift in Sources */,
				8B14B6FE2C57766800045B7A /* LottieManager.swift in Sources */,
				AD13C8152C5B35FD00B87781 /* ChallengeMainViewModel.swift in Sources */,
				8BAD01212C59CF2D002EC402 /* ChallengeUser.swift in Sources */,
				8B7543122C58894300B1C53D /* TabbarView.swift in Sources */,
				722AD50E2C5C72EA0008D556 /* SettingProfileView.swift in Sources */,
				8BAD01272C59D0FE002EC402 /* AuthDataResultModel.swift in Sources */,
				AD13C8132C5B35E000B87781 /* ChallengeMainView.swift in Sources */,
				8B7543202C588AD600B1C53D /* SettingViewModel.swift in Sources */,
				7227C47A2C5918AC0060F430 /* ChallengeDetailView.swift in Sources */,
				ADB8C45B2C4F7E2F00D5B9BC /* TeemonDeoApp.swift in Sources */,
				AB44FE6B2C5D26E70060310F /* Challenge.swift in Sources */,
				8B7543182C588A0B00B1C53D /* Utilities.swift in Sources */,
				5B1935FD2C5A2BCC001AC5B2 /* TimerHelper.swift in Sources */,
				72FEB9602C5A1D0100F64B71 /* ChallengeDetailViewModel.swift in Sources */,
				8B75431E2C588AAB00B1C53D /* SignInAppleHelper.swift in Sources */,
				8B7543162C5889C500B1C53D /* SettingView.swift in Sources */,
				AD13C8172C5B362C00B87781 /* FireStoreChallengeManager.swift in Sources */,
			);
			runOnlyForDeploymentPostprocessing = 0;
		};
/* End PBXSourcesBuildPhase section */

/* Begin XCBuildConfiguration section */
		ADB8C4632C4F7E3000D5B9BC /* Debug */ = {
			isa = XCBuildConfiguration;
			buildSettings = {
				ALWAYS_SEARCH_USER_PATHS = NO;
				ASSETCATALOG_COMPILER_GENERATE_SWIFT_ASSET_SYMBOL_EXTENSIONS = YES;
				CLANG_ANALYZER_NONNULL = YES;
				CLANG_ANALYZER_NUMBER_OBJECT_CONVERSION = YES_AGGRESSIVE;
				CLANG_CXX_LANGUAGE_STANDARD = "gnu++20";
				CLANG_ENABLE_MODULES = YES;
				CLANG_ENABLE_OBJC_ARC = YES;
				CLANG_ENABLE_OBJC_WEAK = YES;
				CLANG_WARN_BLOCK_CAPTURE_AUTORELEASING = YES;
				CLANG_WARN_BOOL_CONVERSION = YES;
				CLANG_WARN_COMMA = YES;
				CLANG_WARN_CONSTANT_CONVERSION = YES;
				CLANG_WARN_DEPRECATED_OBJC_IMPLEMENTATIONS = YES;
				CLANG_WARN_DIRECT_OBJC_ISA_USAGE = YES_ERROR;
				CLANG_WARN_DOCUMENTATION_COMMENTS = YES;
				CLANG_WARN_EMPTY_BODY = YES;
				CLANG_WARN_ENUM_CONVERSION = YES;
				CLANG_WARN_INFINITE_RECURSION = YES;
				CLANG_WARN_INT_CONVERSION = YES;
				CLANG_WARN_NON_LITERAL_NULL_CONVERSION = YES;
				CLANG_WARN_OBJC_IMPLICIT_RETAIN_SELF = YES;
				CLANG_WARN_OBJC_LITERAL_CONVERSION = YES;
				CLANG_WARN_OBJC_ROOT_CLASS = YES_ERROR;
				CLANG_WARN_QUOTED_INCLUDE_IN_FRAMEWORK_HEADER = YES;
				CLANG_WARN_RANGE_LOOP_ANALYSIS = YES;
				CLANG_WARN_STRICT_PROTOTYPES = YES;
				CLANG_WARN_SUSPICIOUS_MOVE = YES;
				CLANG_WARN_UNGUARDED_AVAILABILITY = YES_AGGRESSIVE;
				CLANG_WARN_UNREACHABLE_CODE = YES;
				CLANG_WARN__DUPLICATE_METHOD_MATCH = YES;
				COPY_PHASE_STRIP = NO;
				DEBUG_INFORMATION_FORMAT = dwarf;
				ENABLE_STRICT_OBJC_MSGSEND = YES;
				ENABLE_TESTABILITY = YES;
				ENABLE_USER_SCRIPT_SANDBOXING = YES;
				GCC_C_LANGUAGE_STANDARD = gnu17;
				GCC_DYNAMIC_NO_PIC = NO;
				GCC_NO_COMMON_BLOCKS = YES;
				GCC_OPTIMIZATION_LEVEL = 0;
				GCC_PREPROCESSOR_DEFINITIONS = (
					"DEBUG=1",
					"$(inherited)",
				);
				GCC_WARN_64_TO_32_BIT_CONVERSION = YES;
				GCC_WARN_ABOUT_RETURN_TYPE = YES_ERROR;
				GCC_WARN_UNDECLARED_SELECTOR = YES;
				GCC_WARN_UNINITIALIZED_AUTOS = YES_AGGRESSIVE;
				GCC_WARN_UNUSED_FUNCTION = YES;
				GCC_WARN_UNUSED_VARIABLE = YES;
				IPHONEOS_DEPLOYMENT_TARGET = 17.0;
				LOCALIZATION_PREFERS_STRING_CATALOGS = YES;
				MTL_ENABLE_DEBUG_INFO = INCLUDE_SOURCE;
				MTL_FAST_MATH = YES;
				ONLY_ACTIVE_ARCH = YES;
				SDKROOT = iphoneos;
				SWIFT_ACTIVE_COMPILATION_CONDITIONS = "DEBUG $(inherited)";
				SWIFT_OPTIMIZATION_LEVEL = "-Onone";
			};
			name = Debug;
		};
		ADB8C4642C4F7E3000D5B9BC /* Release */ = {
			isa = XCBuildConfiguration;
			buildSettings = {
				ALWAYS_SEARCH_USER_PATHS = NO;
				ASSETCATALOG_COMPILER_GENERATE_SWIFT_ASSET_SYMBOL_EXTENSIONS = YES;
				CLANG_ANALYZER_NONNULL = YES;
				CLANG_ANALYZER_NUMBER_OBJECT_CONVERSION = YES_AGGRESSIVE;
				CLANG_CXX_LANGUAGE_STANDARD = "gnu++20";
				CLANG_ENABLE_MODULES = YES;
				CLANG_ENABLE_OBJC_ARC = YES;
				CLANG_ENABLE_OBJC_WEAK = YES;
				CLANG_WARN_BLOCK_CAPTURE_AUTORELEASING = YES;
				CLANG_WARN_BOOL_CONVERSION = YES;
				CLANG_WARN_COMMA = YES;
				CLANG_WARN_CONSTANT_CONVERSION = YES;
				CLANG_WARN_DEPRECATED_OBJC_IMPLEMENTATIONS = YES;
				CLANG_WARN_DIRECT_OBJC_ISA_USAGE = YES_ERROR;
				CLANG_WARN_DOCUMENTATION_COMMENTS = YES;
				CLANG_WARN_EMPTY_BODY = YES;
				CLANG_WARN_ENUM_CONVERSION = YES;
				CLANG_WARN_INFINITE_RECURSION = YES;
				CLANG_WARN_INT_CONVERSION = YES;
				CLANG_WARN_NON_LITERAL_NULL_CONVERSION = YES;
				CLANG_WARN_OBJC_IMPLICIT_RETAIN_SELF = YES;
				CLANG_WARN_OBJC_LITERAL_CONVERSION = YES;
				CLANG_WARN_OBJC_ROOT_CLASS = YES_ERROR;
				CLANG_WARN_QUOTED_INCLUDE_IN_FRAMEWORK_HEADER = YES;
				CLANG_WARN_RANGE_LOOP_ANALYSIS = YES;
				CLANG_WARN_STRICT_PROTOTYPES = YES;
				CLANG_WARN_SUSPICIOUS_MOVE = YES;
				CLANG_WARN_UNGUARDED_AVAILABILITY = YES_AGGRESSIVE;
				CLANG_WARN_UNREACHABLE_CODE = YES;
				CLANG_WARN__DUPLICATE_METHOD_MATCH = YES;
				COPY_PHASE_STRIP = NO;
				DEBUG_INFORMATION_FORMAT = "dwarf-with-dsym";
				ENABLE_NS_ASSERTIONS = NO;
				ENABLE_STRICT_OBJC_MSGSEND = YES;
				ENABLE_USER_SCRIPT_SANDBOXING = YES;
				GCC_C_LANGUAGE_STANDARD = gnu17;
				GCC_NO_COMMON_BLOCKS = YES;
				GCC_WARN_64_TO_32_BIT_CONVERSION = YES;
				GCC_WARN_ABOUT_RETURN_TYPE = YES_ERROR;
				GCC_WARN_UNDECLARED_SELECTOR = YES;
				GCC_WARN_UNINITIALIZED_AUTOS = YES_AGGRESSIVE;
				GCC_WARN_UNUSED_FUNCTION = YES;
				GCC_WARN_UNUSED_VARIABLE = YES;
				IPHONEOS_DEPLOYMENT_TARGET = 17.0;
				LOCALIZATION_PREFERS_STRING_CATALOGS = YES;
				MTL_ENABLE_DEBUG_INFO = NO;
				MTL_FAST_MATH = YES;
				SDKROOT = iphoneos;
				SWIFT_COMPILATION_MODE = wholemodule;
				VALIDATE_PRODUCT = YES;
			};
			name = Release;
		};
		ADB8C4662C4F7E3000D5B9BC /* Debug */ = {
			isa = XCBuildConfiguration;
			buildSettings = {
				ASSETCATALOG_COMPILER_APPICON_NAME = AppIcon;
				ASSETCATALOG_COMPILER_GLOBAL_ACCENT_COLOR_NAME = AccentColor;
				CODE_SIGN_ENTITLEMENTS = TeemonDeo/TeemonDeo.entitlements;
				CODE_SIGN_STYLE = Automatic;
				CURRENT_PROJECT_VERSION = 1;
				DEVELOPMENT_ASSET_PATHS = "\"TeemonDeo/Preview Content\"";
				DEVELOPMENT_TEAM = YUF8364M59;
				ENABLE_PREVIEWS = YES;
				GENERATE_INFOPLIST_FILE = YES;
				INFOPLIST_FILE = TeemonDeo/Info.plist;
				INFOPLIST_KEY_UIApplicationSceneManifest_Generation = YES;
				INFOPLIST_KEY_UIApplicationSupportsIndirectInputEvents = YES;
				INFOPLIST_KEY_UILaunchScreen_Generation = YES;
				INFOPLIST_KEY_UISupportedInterfaceOrientations_iPad = "UIInterfaceOrientationPortrait UIInterfaceOrientationPortraitUpsideDown UIInterfaceOrientationLandscapeLeft UIInterfaceOrientationLandscapeRight";
				INFOPLIST_KEY_UISupportedInterfaceOrientations_iPhone = "UIInterfaceOrientationPortrait UIInterfaceOrientationLandscapeLeft UIInterfaceOrientationLandscapeRight";
				LD_RUNPATH_SEARCH_PATHS = (
					"$(inherited)",
					"@executable_path/Frameworks",
				);
				MARKETING_VERSION = 1.0;
				PRODUCT_BUNDLE_IDENTIFIER = com.teemondeo.TeemonDeo;
				PRODUCT_NAME = "$(TARGET_NAME)";
				SWIFT_EMIT_LOC_STRINGS = YES;
				SWIFT_VERSION = 5.0;
				TARGETED_DEVICE_FAMILY = "1,2";
			};
			name = Debug;
		};
		ADB8C4672C4F7E3000D5B9BC /* Release */ = {
			isa = XCBuildConfiguration;
			buildSettings = {
				ASSETCATALOG_COMPILER_APPICON_NAME = AppIcon;
				ASSETCATALOG_COMPILER_GLOBAL_ACCENT_COLOR_NAME = AccentColor;
				CODE_SIGN_ENTITLEMENTS = TeemonDeo/TeemonDeo.entitlements;
				CODE_SIGN_STYLE = Automatic;
				CURRENT_PROJECT_VERSION = 1;
				DEVELOPMENT_ASSET_PATHS = "\"TeemonDeo/Preview Content\"";
				DEVELOPMENT_TEAM = YUF8364M59;
				ENABLE_PREVIEWS = YES;
				GENERATE_INFOPLIST_FILE = YES;
				INFOPLIST_FILE = TeemonDeo/Info.plist;
				INFOPLIST_KEY_UIApplicationSceneManifest_Generation = YES;
				INFOPLIST_KEY_UIApplicationSupportsIndirectInputEvents = YES;
				INFOPLIST_KEY_UILaunchScreen_Generation = YES;
				INFOPLIST_KEY_UISupportedInterfaceOrientations_iPad = "UIInterfaceOrientationPortrait UIInterfaceOrientationPortraitUpsideDown UIInterfaceOrientationLandscapeLeft UIInterfaceOrientationLandscapeRight";
				INFOPLIST_KEY_UISupportedInterfaceOrientations_iPhone = "UIInterfaceOrientationPortrait UIInterfaceOrientationLandscapeLeft UIInterfaceOrientationLandscapeRight";
				LD_RUNPATH_SEARCH_PATHS = (
					"$(inherited)",
					"@executable_path/Frameworks",
				);
				MARKETING_VERSION = 1.0;
				PRODUCT_BUNDLE_IDENTIFIER = com.teemondeo.TeemonDeo;
				PRODUCT_NAME = "$(TARGET_NAME)";
				SWIFT_EMIT_LOC_STRINGS = YES;
				SWIFT_VERSION = 5.0;
				TARGETED_DEVICE_FAMILY = "1,2";
			};
			name = Release;
		};
/* End XCBuildConfiguration section */

/* Begin XCConfigurationList section */
		ADB8C4522C4F7E2F00D5B9BC /* Build configuration list for PBXProject "TeemonDeo" */ = {
			isa = XCConfigurationList;
			buildConfigurations = (
				ADB8C4632C4F7E3000D5B9BC /* Debug */,
				ADB8C4642C4F7E3000D5B9BC /* Release */,
			);
			defaultConfigurationIsVisible = 0;
			defaultConfigurationName = Release;
		};
		ADB8C4652C4F7E3000D5B9BC /* Build configuration list for PBXNativeTarget "TeemonDeo" */ = {
			isa = XCConfigurationList;
			buildConfigurations = (
				ADB8C4662C4F7E3000D5B9BC /* Debug */,
				ADB8C4672C4F7E3000D5B9BC /* Release */,
			);
			defaultConfigurationIsVisible = 0;
			defaultConfigurationName = Release;
		};
/* End XCConfigurationList section */

/* Begin XCRemoteSwiftPackageReference section */
		8B7543252C588E0100B1C53D /* XCRemoteSwiftPackageReference "GoogleSignIn-iOS" */ = {
			isa = XCRemoteSwiftPackageReference;
			repositoryURL = "https://github.com/google/GoogleSignIn-iOS.git";
			requirement = {
				kind = upToNextMajorVersion;
				minimumVersion = 7.1.0;
			};
		};
		8BF2D1602C5B6ED30068A71E /* XCRemoteSwiftPackageReference "lottie-ios" */ = {
			isa = XCRemoteSwiftPackageReference;
			repositoryURL = "https://github.com/airbnb/lottie-ios";
			requirement = {
				kind = upToNextMajorVersion;
				minimumVersion = 4.5.0;
			};
		};
		ADB8C46C2C4F7F4400D5B9BC /* XCRemoteSwiftPackageReference "firebase-ios-sdk" */ = {
			isa = XCRemoteSwiftPackageReference;
			repositoryURL = "https://github.com/firebase/firebase-ios-sdk";
			requirement = {
				kind = upToNextMajorVersion;
				minimumVersion = 10.29.0;
			};
		};
/* End XCRemoteSwiftPackageReference section */

/* Begin XCSwiftPackageProductDependency section */
		8B7543262C588E0100B1C53D /* GoogleSignIn */ = {
			isa = XCSwiftPackageProductDependency;
			package = 8B7543252C588E0100B1C53D /* XCRemoteSwiftPackageReference "GoogleSignIn-iOS" */;
			productName = GoogleSignIn;
		};
		8B7543282C588E0100B1C53D /* GoogleSignInSwift */ = {
			isa = XCSwiftPackageProductDependency;
			package = 8B7543252C588E0100B1C53D /* XCRemoteSwiftPackageReference "GoogleSignIn-iOS" */;
			productName = GoogleSignInSwift;
		};
		8BAD01242C59D047002EC402 /* FirebaseFirestoreSwift */ = {
			isa = XCSwiftPackageProductDependency;
			package = ADB8C46C2C4F7F4400D5B9BC /* XCRemoteSwiftPackageReference "firebase-ios-sdk" */;
			productName = FirebaseFirestoreSwift;
		};
		8BF2D1612C5B6ED30068A71E /* Lottie */ = {
			isa = XCSwiftPackageProductDependency;
			package = 8BF2D1602C5B6ED30068A71E /* XCRemoteSwiftPackageReference "lottie-ios" */;
			productName = Lottie;
		};
		ADB8C46D2C4F7F4400D5B9BC /* FirebaseAuth */ = {
			isa = XCSwiftPackageProductDependency;
			package = ADB8C46C2C4F7F4400D5B9BC /* XCRemoteSwiftPackageReference "firebase-ios-sdk" */;
			productName = FirebaseAuth;
		};
		ADB8C46F2C4F7F4400D5B9BC /* FirebaseFirestore */ = {
			isa = XCSwiftPackageProductDependency;
			package = ADB8C46C2C4F7F4400D5B9BC /* XCRemoteSwiftPackageReference "firebase-ios-sdk" */;
			productName = FirebaseFirestore;
		};
		ADB8C4712C4F7F4400D5B9BC /* FirebaseStorage */ = {
			isa = XCSwiftPackageProductDependency;
			package = ADB8C46C2C4F7F4400D5B9BC /* XCRemoteSwiftPackageReference "firebase-ios-sdk" */;
			productName = FirebaseStorage;
		};
/* End XCSwiftPackageProductDependency section */
	};
	rootObject = ADB8C44F2C4F7E2F00D5B9BC /* Project object */;
}
