// !$*UTF8*$!
{
	archiveVersion = 1;
	classes = {
	};
	objectVersion = 56;
	objects = {

/* Begin PBXBuildFile section */
		8B14B6FE2C57766800045B7A /* LottieManager.swift in Sources */ = {isa = PBXBuildFile; fileRef = 8B14B6FD2C57766800045B7A /* LottieManager.swift */; };
		8B14B7032C57774500045B7A /* Splash.json in Resources */ = {isa = PBXBuildFile; fileRef = 8B14B7022C57774500045B7A /* Splash.json */; };
		8B7543102C58892500B1C53D /* RootView.swift in Sources */ = {isa = PBXBuildFile; fileRef = 8B75430F2C58892500B1C53D /* RootView.swift */; };
		8B7543122C58894300B1C53D /* TabbarView.swift in Sources */ = {isa = PBXBuildFile; fileRef = 8B7543112C58894300B1C53D /* TabbarView.swift */; };
		8B7543142C58898D00B1C53D /* LoginView.swift in Sources */ = {isa = PBXBuildFile; fileRef = 8B7543132C58898D00B1C53D /* LoginView.swift */; };
		8B7543162C5889C500B1C53D /* SettingView.swift in Sources */ = {isa = PBXBuildFile; fileRef = 8B7543152C5889C500B1C53D /* SettingView.swift */; };
		8B7543182C588A0B00B1C53D /* Utilities.swift in Sources */ = {isa = PBXBuildFile; fileRef = 8B7543172C588A0B00B1C53D /* Utilities.swift */; };
		8B75431A2C588A4A00B1C53D /* AuthenticationManager.swift in Sources */ = {isa = PBXBuildFile; fileRef = 8B7543192C588A4A00B1C53D /* AuthenticationManager.swift */; };
		8B75431C2C588A8C00B1C53D /* SignInGoogleHelper.swift in Sources */ = {isa = PBXBuildFile; fileRef = 8B75431B2C588A8C00B1C53D /* SignInGoogleHelper.swift */; };
		8B75431E2C588AAB00B1C53D /* SignInAppleHelper.swift in Sources */ = {isa = PBXBuildFile; fileRef = 8B75431D2C588AAB00B1C53D /* SignInAppleHelper.swift */; };
		8B7543202C588AD600B1C53D /* SettingViewModel.swift in Sources */ = {isa = PBXBuildFile; fileRef = 8B75431F2C588AD600B1C53D /* SettingViewModel.swift */; };
		8B7543232C588D8E00B1C53D /* GoogleService-Info.plist in Resources */ = {isa = PBXBuildFile; fileRef = 8B7543222C588D8E00B1C53D /* GoogleService-Info.plist */; };
		8B7543272C588E0100B1C53D /* GoogleSignIn in Frameworks */ = {isa = PBXBuildFile; productRef = 8B7543262C588E0100B1C53D /* GoogleSignIn */; };
		8B7543292C588E0100B1C53D /* GoogleSignInSwift in Frameworks */ = {isa = PBXBuildFile; productRef = 8B7543282C588E0100B1C53D /* GoogleSignInSwift */; };
		8B75432C2C588E6400B1C53D /* Lottie in Frameworks */ = {isa = PBXBuildFile; productRef = 8B75432B2C588E6400B1C53D /* Lottie */; };
		8BAD01212C59CF2D002EC402 /* ChallengeUser.swift in Sources */ = {isa = PBXBuildFile; fileRef = 8BAD01202C59CF2D002EC402 /* ChallengeUser.swift */; };
		8BAD01232C59CF5F002EC402 /* UserManager.swift in Sources */ = {isa = PBXBuildFile; fileRef = 8BAD01222C59CF5F002EC402 /* UserManager.swift */; };
		8BAD01252C59D047002EC402 /* FirebaseFirestoreSwift in Frameworks */ = {isa = PBXBuildFile; productRef = 8BAD01242C59D047002EC402 /* FirebaseFirestoreSwift */; };
		8BAD01272C59D0FE002EC402 /* AuthDataResultModel.swift in Sources */ = {isa = PBXBuildFile; fileRef = 8BAD01262C59D0FE002EC402 /* AuthDataResultModel.swift */; };
		ADB8C45B2C4F7E2F00D5B9BC /* TeemonDeoApp.swift in Sources */ = {isa = PBXBuildFile; fileRef = ADB8C45A2C4F7E2F00D5B9BC /* TeemonDeoApp.swift */; };
		ADB8C45D2C4F7E2F00D5B9BC /* ContentView.swift in Sources */ = {isa = PBXBuildFile; fileRef = ADB8C45C2C4F7E2F00D5B9BC /* ContentView.swift */; };
		ADB8C45F2C4F7E3000D5B9BC /* Assets.xcassets in Resources */ = {isa = PBXBuildFile; fileRef = ADB8C45E2C4F7E3000D5B9BC /* Assets.xcassets */; };
		ADB8C4622C4F7E3000D5B9BC /* Preview Assets.xcassets in Resources */ = {isa = PBXBuildFile; fileRef = ADB8C4612C4F7E3000D5B9BC /* Preview Assets.xcassets */; };
		ADB8C46E2C4F7F4400D5B9BC /* FirebaseAuth in Frameworks */ = {isa = PBXBuildFile; productRef = ADB8C46D2C4F7F4400D5B9BC /* FirebaseAuth */; };
		ADB8C4702C4F7F4400D5B9BC /* FirebaseFirestore in Frameworks */ = {isa = PBXBuildFile; productRef = ADB8C46F2C4F7F4400D5B9BC /* FirebaseFirestore */; };
		ADB8C4722C4F7F4400D5B9BC /* FirebaseStorage in Frameworks */ = {isa = PBXBuildFile; productRef = ADB8C4712C4F7F4400D5B9BC /* FirebaseStorage */; };
/* End PBXBuildFile section */

/* Begin PBXFileReference section */
		8B14B6FD2C57766800045B7A /* LottieManager.swift */ = {isa = PBXFileReference; lastKnownFileType = sourcecode.swift; path = LottieManager.swift; sourceTree = "<group>"; };
		8B14B7022C57774500045B7A /* Splash.json */ = {isa = PBXFileReference; fileEncoding = 4; lastKnownFileType = text.json; path = Splash.json; sourceTree = "<group>"; };
		8B75430F2C58892500B1C53D /* RootView.swift */ = {isa = PBXFileReference; lastKnownFileType = sourcecode.swift; path = RootView.swift; sourceTree = "<group>"; };
		8B7543112C58894300B1C53D /* TabbarView.swift */ = {isa = PBXFileReference; lastKnownFileType = sourcecode.swift; path = TabbarView.swift; sourceTree = "<group>"; };
		8B7543132C58898D00B1C53D /* LoginView.swift */ = {isa = PBXFileReference; lastKnownFileType = sourcecode.swift; path = LoginView.swift; sourceTree = "<group>"; };
		8B7543152C5889C500B1C53D /* SettingView.swift */ = {isa = PBXFileReference; lastKnownFileType = sourcecode.swift; path = SettingView.swift; sourceTree = "<group>"; };
		8B7543172C588A0B00B1C53D /* Utilities.swift */ = {isa = PBXFileReference; lastKnownFileType = sourcecode.swift; path = Utilities.swift; sourceTree = "<group>"; };
		8B7543192C588A4A00B1C53D /* AuthenticationManager.swift */ = {isa = PBXFileReference; lastKnownFileType = sourcecode.swift; name = AuthenticationManager.swift; path = TeemonDeo/Utils/AuthenticationManager.swift; sourceTree = SOURCE_ROOT; };
		8B75431B2C588A8C00B1C53D /* SignInGoogleHelper.swift */ = {isa = PBXFileReference; lastKnownFileType = sourcecode.swift; name = SignInGoogleHelper.swift; path = TeemonDeo/Utils/SignInGoogleHelper.swift; sourceTree = SOURCE_ROOT; };
		8B75431D2C588AAB00B1C53D /* SignInAppleHelper.swift */ = {isa = PBXFileReference; lastKnownFileType = sourcecode.swift; name = SignInAppleHelper.swift; path = TeemonDeo/Utils/SignInAppleHelper.swift; sourceTree = SOURCE_ROOT; };
		8B75431F2C588AD600B1C53D /* SettingViewModel.swift */ = {isa = PBXFileReference; lastKnownFileType = sourcecode.swift; name = SettingViewModel.swift; path = TeemonDeo/Utils/SettingViewModel.swift; sourceTree = SOURCE_ROOT; };
		8B7543212C588CFC00B1C53D /* TeemonDeo.entitlements */ = {isa = PBXFileReference; lastKnownFileType = text.plist.entitlements; path = TeemonDeo.entitlements; sourceTree = "<group>"; };
		8B7543222C588D8E00B1C53D /* GoogleService-Info.plist */ = {isa = PBXFileReference; fileEncoding = 4; lastKnownFileType = text.plist.xml; path = "GoogleService-Info.plist"; sourceTree = "<group>"; };
		8B7543242C588DA200B1C53D /* Info.plist */ = {isa = PBXFileReference; lastKnownFileType = text.plist; path = Info.plist; sourceTree = "<group>"; };
		8BAD01202C59CF2D002EC402 /* ChallengeUser.swift */ = {isa = PBXFileReference; lastKnownFileType = sourcecode.swift; path = ChallengeUser.swift; sourceTree = "<group>"; };
		8BAD01222C59CF5F002EC402 /* UserManager.swift */ = {isa = PBXFileReference; lastKnownFileType = sourcecode.swift; name = UserManager.swift; path = TeemonDeo/UserManager.swift; sourceTree = SOURCE_ROOT; };
		8BAD01262C59D0FE002EC402 /* AuthDataResultModel.swift */ = {isa = PBXFileReference; lastKnownFileType = sourcecode.swift; path = AuthDataResultModel.swift; sourceTree = "<group>"; };
		ADB8C4572C4F7E2F00D5B9BC /* TeemonDeo.app */ = {isa = PBXFileReference; explicitFileType = wrapper.application; includeInIndex = 0; path = TeemonDeo.app; sourceTree = BUILT_PRODUCTS_DIR; };
		ADB8C45A2C4F7E2F00D5B9BC /* TeemonDeoApp.swift */ = {isa = PBXFileReference; lastKnownFileType = sourcecode.swift; path = TeemonDeoApp.swift; sourceTree = "<group>"; };
		ADB8C45C2C4F7E2F00D5B9BC /* ContentView.swift */ = {isa = PBXFileReference; lastKnownFileType = sourcecode.swift; path = ContentView.swift; sourceTree = "<group>"; };
		ADB8C45E2C4F7E3000D5B9BC /* Assets.xcassets */ = {isa = PBXFileReference; lastKnownFileType = folder.assetcatalog; path = Assets.xcassets; sourceTree = "<group>"; };
		ADB8C4612C4F7E3000D5B9BC /* Preview Assets.xcassets */ = {isa = PBXFileReference; lastKnownFileType = folder.assetcatalog; path = "Preview Assets.xcassets"; sourceTree = "<group>"; };
/* End PBXFileReference section */

/* Begin PBXFrameworksBuildPhase section */
		ADB8C4542C4F7E2F00D5B9BC /* Frameworks */ = {
			isa = PBXFrameworksBuildPhase;
			buildActionMask = 2147483647;
			files = (
				8B7543272C588E0100B1C53D /* GoogleSignIn in Frameworks */,
				ADB8C46E2C4F7F4400D5B9BC /* FirebaseAuth in Frameworks */,
				ADB8C4702C4F7F4400D5B9BC /* FirebaseFirestore in Frameworks */,
				8BAD01252C59D047002EC402 /* FirebaseFirestoreSwift in Frameworks */,
				8B7543292C588E0100B1C53D /* GoogleSignInSwift in Frameworks */,
				ADB8C4722C4F7F4400D5B9BC /* FirebaseStorage in Frameworks */,
				8B75432C2C588E6400B1C53D /* Lottie in Frameworks */,
			);
			runOnlyForDeploymentPostprocessing = 0;
		};
/* End PBXFrameworksBuildPhase section */

/* Begin PBXGroup section */
		ADB8C44E2C4F7E2F00D5B9BC = {
			isa = PBXGroup;
			children = (
				ADB8C4592C4F7E2F00D5B9BC /* TeemonDeo */,
				ADB8C4582C4F7E2F00D5B9BC /* Products */,
			);
			sourceTree = "<group>";
		};
		ADB8C4582C4F7E2F00D5B9BC /* Products */ = {
			isa = PBXGroup;
			children = (
				ADB8C4572C4F7E2F00D5B9BC /* TeemonDeo.app */,
			);
			name = Products;
			sourceTree = "<group>";
		};
		ADB8C4592C4F7E2F00D5B9BC /* TeemonDeo */ = {
			isa = PBXGroup;
			children = (
				8B7543242C588DA200B1C53D /* Info.plist */,
				8B7543222C588D8E00B1C53D /* GoogleService-Info.plist */,
				8B7543212C588CFC00B1C53D /* TeemonDeo.entitlements */,
				ADB8C47A2C4F801E00D5B9BC /* App */,
				ADB8C4792C4F801800D5B9BC /* Models */,
				ADB8C4782C4F800D00D5B9BC /* Views */,
				ADB8C4772C4F800000D5B9BC /* ViewModels */,
				ADB8C4762C4F7FF000D5B9BC /* Services */,
				ADB8C4752C4F7FE700D5B9BC /* Utils */,
				ADB8C4742C4F7FDA00D5B9BC /* Resources */,
				ADB8C4602C4F7E3000D5B9BC /* Preview Content */,
				ADB8C4732C4F7FCD00D5B9BC /* Others */,
			);
			path = TeemonDeo;
			sourceTree = "<group>";
		};
		ADB8C4602C4F7E3000D5B9BC /* Preview Content */ = {
			isa = PBXGroup;
			children = (
				ADB8C4612C4F7E3000D5B9BC /* Preview Assets.xcassets */,
			);
			path = "Preview Content";
			sourceTree = "<group>";
		};
		ADB8C4732C4F7FCD00D5B9BC /* Others */ = {
			isa = PBXGroup;
			children = (
				8B14B7022C57774500045B7A /* Splash.json */,
			);
			path = Others;
			sourceTree = "<group>";
		};
		ADB8C4742C4F7FDA00D5B9BC /* Resources */ = {
			isa = PBXGroup;
			children = (
				ADB8C45E2C4F7E3000D5B9BC /* Assets.xcassets */,
				ADB8C47C2C4F804300D5B9BC /* Colors */,
				ADB8C47B2C4F803500D5B9BC /* Fonts */,
			);
			path = Resources;
			sourceTree = "<group>";
		};
		ADB8C4752C4F7FE700D5B9BC /* Utils */ = {
			isa = PBXGroup;
			children = (
				8B14B6FD2C57766800045B7A /* LottieManager.swift */,
				8B7543172C588A0B00B1C53D /* Utilities.swift */,
			);
			path = Utils;
			sourceTree = "<group>";
		};
		ADB8C4762C4F7FF000D5B9BC /* Services */ = {
			isa = PBXGroup;
			children = (
				8B7543192C588A4A00B1C53D /* AuthenticationManager.swift */,
				8BAD01222C59CF5F002EC402 /* UserManager.swift */,
				8B75431B2C588A8C00B1C53D /* SignInGoogleHelper.swift */,
				8B75431D2C588AAB00B1C53D /* SignInAppleHelper.swift */,
			);
			path = Services;
			sourceTree = "<group>";
		};
		ADB8C4772C4F800000D5B9BC /* ViewModels */ = {
			isa = PBXGroup;
			children = (
				8B75431F2C588AD600B1C53D /* SettingViewModel.swift */,
			);
			path = ViewModels;
			sourceTree = "<group>";
		};
		ADB8C4782C4F800D00D5B9BC /* Views */ = {
			isa = PBXGroup;
			children = (
				ADB8C45C2C4F7E2F00D5B9BC /* ContentView.swift */,
				8B75430F2C58892500B1C53D /* RootView.swift */,
				8B7543112C58894300B1C53D /* TabbarView.swift */,
				8B7543132C58898D00B1C53D /* LoginView.swift */,
				8B7543152C5889C500B1C53D /* SettingView.swift */,
			);
			path = Views;
			sourceTree = "<group>";
		};
		ADB8C4792C4F801800D5B9BC /* Models */ = {
			isa = PBXGroup;
			children = (
				8BAD01202C59CF2D002EC402 /* ChallengeUser.swift */,
				8BAD01262C59D0FE002EC402 /* AuthDataResultModel.swift */,
			);
			path = Models;
			sourceTree = "<group>";
		};
		ADB8C47A2C4F801E00D5B9BC /* App */ = {
			isa = PBXGroup;
			children = (
				ADB8C45A2C4F7E2F00D5B9BC /* TeemonDeoApp.swift */,
			);
			path = App;
			sourceTree = "<group>";
		};
		ADB8C47B2C4F803500D5B9BC /* Fonts */ = {
			isa = PBXGroup;
			children = (
			);
			path = Fonts;
			sourceTree = "<group>";
		};
		ADB8C47C2C4F804300D5B9BC /* Colors */ = {
			isa = PBXGroup;
			children = (
			);
			path = Colors;
			sourceTree = "<group>";
		};
/* End PBXGroup section */

/* Begin PBXNativeTarget section */
		ADB8C4562C4F7E2F00D5B9BC /* TeemonDeo */ = {
			isa = PBXNativeTarget;
			buildConfigurationList = ADB8C4652C4F7E3000D5B9BC /* Build configuration list for PBXNativeTarget "TeemonDeo" */;
			buildPhases = (
				ADB8C4532C4F7E2F00D5B9BC /* Sources */,
				ADB8C4542C4F7E2F00D5B9BC /* Frameworks */,
				ADB8C4552C4F7E2F00D5B9BC /* Resources */,
			);
			buildRules = (
			);
			dependencies = (
			);
			name = TeemonDeo;
			packageProductDependencies = (
				ADB8C46D2C4F7F4400D5B9BC /* FirebaseAuth */,
				ADB8C46F2C4F7F4400D5B9BC /* FirebaseFirestore */,
				ADB8C4712C4F7F4400D5B9BC /* FirebaseStorage */,
				8B7543262C588E0100B1C53D /* GoogleSignIn */,
				8B7543282C588E0100B1C53D /* GoogleSignInSwift */,
				8B75432B2C588E6400B1C53D /* Lottie */,
				8BAD01242C59D047002EC402 /* FirebaseFirestoreSwift */,
			);
			productName = TeemonDeo;
			productReference = ADB8C4572C4F7E2F00D5B9BC /* TeemonDeo.app */;
			productType = "com.apple.product-type.application";
		};
/* End PBXNativeTarget section */

/* Begin PBXProject section */
		ADB8C44F2C4F7E2F00D5B9BC /* Project object */ = {
			isa = PBXProject;
			attributes = {
				BuildIndependentTargetsInParallel = 1;
				LastSwiftUpdateCheck = 1540;
				LastUpgradeCheck = 1540;
				TargetAttributes = {
					ADB8C4562C4F7E2F00D5B9BC = {
						CreatedOnToolsVersion = 15.4;
					};
				};
			};
			buildConfigurationList = ADB8C4522C4F7E2F00D5B9BC /* Build configuration list for PBXProject "TeemonDeo" */;
			compatibilityVersion = "Xcode 14.0";
			developmentRegion = en;
			hasScannedForEncodings = 0;
			knownRegions = (
				en,
				Base,
			);
			mainGroup = ADB8C44E2C4F7E2F00D5B9BC;
			packageReferences = (
				ADB8C46C2C4F7F4400D5B9BC /* XCRemoteSwiftPackageReference "firebase-ios-sdk" */,
				8B7543252C588E0100B1C53D /* XCRemoteSwiftPackageReference "GoogleSignIn-iOS" */,
				8B75432A2C588E6400B1C53D /* XCRemoteSwiftPackageReference "lottie-ios" */,
			);
			productRefGroup = ADB8C4582C4F7E2F00D5B9BC /* Products */;
			projectDirPath = "";
			projectRoot = "";
			targets = (
				ADB8C4562C4F7E2F00D5B9BC /* TeemonDeo */,
			);
		};
/* End PBXProject section */

/* Begin PBXResourcesBuildPhase section */
		ADB8C4552C4F7E2F00D5B9BC /* Resources */ = {
			isa = PBXResourcesBuildPhase;
			buildActionMask = 2147483647;
			files = (
				ADB8C4622C4F7E3000D5B9BC /* Preview Assets.xcassets in Resources */,
				8B7543232C588D8E00B1C53D /* GoogleService-Info.plist in Resources */,
				8B14B7032C57774500045B7A /* Splash.json in Resources */,
				ADB8C45F2C4F7E3000D5B9BC /* Assets.xcassets in Resources */,
			);
			runOnlyForDeploymentPostprocessing = 0;
		};
/* End PBXResourcesBuildPhase section */

/* Begin PBXSourcesBuildPhase section */
		ADB8C4532C4F7E2F00D5B9BC /* Sources */ = {
			isa = PBXSourcesBuildPhase;
			buildActionMask = 2147483647;
			files = (
				8B75431C2C588A8C00B1C53D /* SignInGoogleHelper.swift in Sources */,
				8B7543142C58898D00B1C53D /* LoginView.swift in Sources */,
				8BAD01232C59CF5F002EC402 /* UserManager.swift in Sources */,
				8B7543102C58892500B1C53D /* RootView.swift in Sources */,
				ADB8C45D2C4F7E2F00D5B9BC /* ContentView.swift in Sources */,
				8B75431A2C588A4A00B1C53D /* AuthenticationManager.swift in Sources */,
				8B14B6FE2C57766800045B7A /* LottieManager.swift in Sources */,
				8BAD01212C59CF2D002EC402 /* ChallengeUser.swift in Sources */,
				8B7543122C58894300B1C53D /* TabbarView.swift in Sources */,
				8BAD01272C59D0FE002EC402 /* AuthDataResultModel.swift in Sources */,
				8B7543202C588AD600B1C53D /* SettingViewModel.swift in Sources */,
				ADB8C45B2C4F7E2F00D5B9BC /* TeemonDeoApp.swift in Sources */,
				8B7543182C588A0B00B1C53D /* Utilities.swift in Sources */,
				8B75431E2C588AAB00B1C53D /* SignInAppleHelper.swift in Sources */,
				8B7543162C5889C500B1C53D /* SettingView.swift in Sources */,
			);
			runOnlyForDeploymentPostprocessing = 0;
		};
/* End PBXSourcesBuildPhase section */

/* Begin XCBuildConfiguration section */
		ADB8C4632C4F7E3000D5B9BC /* Debug */ = {
			isa = XCBuildConfiguration;
			buildSettings = {
				ALWAYS_SEARCH_USER_PATHS = NO;
				ASSETCATALOG_COMPILER_GENERATE_SWIFT_ASSET_SYMBOL_EXTENSIONS = YES;
				CLANG_ANALYZER_NONNULL = YES;
				CLANG_ANALYZER_NUMBER_OBJECT_CONVERSION = YES_AGGRESSIVE;
				CLANG_CXX_LANGUAGE_STANDARD = "gnu++20";
				CLANG_ENABLE_MODULES = YES;
				CLANG_ENABLE_OBJC_ARC = YES;
				CLANG_ENABLE_OBJC_WEAK = YES;
				CLANG_WARN_BLOCK_CAPTURE_AUTORELEASING = YES;
				CLANG_WARN_BOOL_CONVERSION = YES;
				CLANG_WARN_COMMA = YES;
				CLANG_WARN_CONSTANT_CONVERSION = YES;
				CLANG_WARN_DEPRECATED_OBJC_IMPLEMENTATIONS = YES;
				CLANG_WARN_DIRECT_OBJC_ISA_USAGE = YES_ERROR;
				CLANG_WARN_DOCUMENTATION_COMMENTS = YES;
				CLANG_WARN_EMPTY_BODY = YES;
				CLANG_WARN_ENUM_CONVERSION = YES;
				CLANG_WARN_INFINITE_RECURSION = YES;
				CLANG_WARN_INT_CONVERSION = YES;
				CLANG_WARN_NON_LITERAL_NULL_CONVERSION = YES;
				CLANG_WARN_OBJC_IMPLICIT_RETAIN_SELF = YES;
				CLANG_WARN_OBJC_LITERAL_CONVERSION = YES;
				CLANG_WARN_OBJC_ROOT_CLASS = YES_ERROR;
				CLANG_WARN_QUOTED_INCLUDE_IN_FRAMEWORK_HEADER = YES;
				CLANG_WARN_RANGE_LOOP_ANALYSIS = YES;
				CLANG_WARN_STRICT_PROTOTYPES = YES;
				CLANG_WARN_SUSPICIOUS_MOVE = YES;
				CLANG_WARN_UNGUARDED_AVAILABILITY = YES_AGGRESSIVE;
				CLANG_WARN_UNREACHABLE_CODE = YES;
				CLANG_WARN__DUPLICATE_METHOD_MATCH = YES;
				COPY_PHASE_STRIP = NO;
				DEBUG_INFORMATION_FORMAT = dwarf;
				ENABLE_STRICT_OBJC_MSGSEND = YES;
				ENABLE_TESTABILITY = YES;
				ENABLE_USER_SCRIPT_SANDBOXING = YES;
				GCC_C_LANGUAGE_STANDARD = gnu17;
				GCC_DYNAMIC_NO_PIC = NO;
				GCC_NO_COMMON_BLOCKS = YES;
				GCC_OPTIMIZATION_LEVEL = 0;
				GCC_PREPROCESSOR_DEFINITIONS = (
					"DEBUG=1",
					"$(inherited)",
				);
				GCC_WARN_64_TO_32_BIT_CONVERSION = YES;
				GCC_WARN_ABOUT_RETURN_TYPE = YES_ERROR;
				GCC_WARN_UNDECLARED_SELECTOR = YES;
				GCC_WARN_UNINITIALIZED_AUTOS = YES_AGGRESSIVE;
				GCC_WARN_UNUSED_FUNCTION = YES;
				GCC_WARN_UNUSED_VARIABLE = YES;
				IPHONEOS_DEPLOYMENT_TARGET = 17.0;
				LOCALIZATION_PREFERS_STRING_CATALOGS = YES;
				MTL_ENABLE_DEBUG_INFO = INCLUDE_SOURCE;
				MTL_FAST_MATH = YES;
				ONLY_ACTIVE_ARCH = YES;
				SDKROOT = iphoneos;
				SWIFT_ACTIVE_COMPILATION_CONDITIONS = "DEBUG $(inherited)";
				SWIFT_OPTIMIZATION_LEVEL = "-Onone";
			};
			name = Debug;
		};
		ADB8C4642C4F7E3000D5B9BC /* Release */ = {
			isa = XCBuildConfiguration;
			buildSettings = {
				ALWAYS_SEARCH_USER_PATHS = NO;
				ASSETCATALOG_COMPILER_GENERATE_SWIFT_ASSET_SYMBOL_EXTENSIONS = YES;
				CLANG_ANALYZER_NONNULL = YES;
				CLANG_ANALYZER_NUMBER_OBJECT_CONVERSION = YES_AGGRESSIVE;
				CLANG_CXX_LANGUAGE_STANDARD = "gnu++20";
				CLANG_ENABLE_MODULES = YES;
				CLANG_ENABLE_OBJC_ARC = YES;
				CLANG_ENABLE_OBJC_WEAK = YES;
				CLANG_WARN_BLOCK_CAPTURE_AUTORELEASING = YES;
				CLANG_WARN_BOOL_CONVERSION = YES;
				CLANG_WARN_COMMA = YES;
				CLANG_WARN_CONSTANT_CONVERSION = YES;
				CLANG_WARN_DEPRECATED_OBJC_IMPLEMENTATIONS = YES;
				CLANG_WARN_DIRECT_OBJC_ISA_USAGE = YES_ERROR;
				CLANG_WARN_DOCUMENTATION_COMMENTS = YES;
				CLANG_WARN_EMPTY_BODY = YES;
				CLANG_WARN_ENUM_CONVERSION = YES;
				CLANG_WARN_INFINITE_RECURSION = YES;
				CLANG_WARN_INT_CONVERSION = YES;
				CLANG_WARN_NON_LITERAL_NULL_CONVERSION = YES;
				CLANG_WARN_OBJC_IMPLICIT_RETAIN_SELF = YES;
				CLANG_WARN_OBJC_LITERAL_CONVERSION = YES;
				CLANG_WARN_OBJC_ROOT_CLASS = YES_ERROR;
				CLANG_WARN_QUOTED_INCLUDE_IN_FRAMEWORK_HEADER = YES;
				CLANG_WARN_RANGE_LOOP_ANALYSIS = YES;
				CLANG_WARN_STRICT_PROTOTYPES = YES;
				CLANG_WARN_SUSPICIOUS_MOVE = YES;
				CLANG_WARN_UNGUARDED_AVAILABILITY = YES_AGGRESSIVE;
				CLANG_WARN_UNREACHABLE_CODE = YES;
				CLANG_WARN__DUPLICATE_METHOD_MATCH = YES;
				COPY_PHASE_STRIP = NO;
				DEBUG_INFORMATION_FORMAT = "dwarf-with-dsym";
				ENABLE_NS_ASSERTIONS = NO;
				ENABLE_STRICT_OBJC_MSGSEND = YES;
				ENABLE_USER_SCRIPT_SANDBOXING = YES;
				GCC_C_LANGUAGE_STANDARD = gnu17;
				GCC_NO_COMMON_BLOCKS = YES;
				GCC_WARN_64_TO_32_BIT_CONVERSION = YES;
				GCC_WARN_ABOUT_RETURN_TYPE = YES_ERROR;
				GCC_WARN_UNDECLARED_SELECTOR = YES;
				GCC_WARN_UNINITIALIZED_AUTOS = YES_AGGRESSIVE;
				GCC_WARN_UNUSED_FUNCTION = YES;
				GCC_WARN_UNUSED_VARIABLE = YES;
				IPHONEOS_DEPLOYMENT_TARGET = 17.0;
				LOCALIZATION_PREFERS_STRING_CATALOGS = YES;
				MTL_ENABLE_DEBUG_INFO = NO;
				MTL_FAST_MATH = YES;
				SDKROOT = iphoneos;
				SWIFT_COMPILATION_MODE = wholemodule;
				VALIDATE_PRODUCT = YES;
			};
			name = Release;
		};
		ADB8C4662C4F7E3000D5B9BC /* Debug */ = {
			isa = XCBuildConfiguration;
			buildSettings = {
				ASSETCATALOG_COMPILER_APPICON_NAME = AppIcon;
				ASSETCATALOG_COMPILER_GLOBAL_ACCENT_COLOR_NAME = AccentColor;
				CODE_SIGN_ENTITLEMENTS = TeemonDeo/TeemonDeo.entitlements;
				CODE_SIGN_STYLE = Automatic;
				CURRENT_PROJECT_VERSION = 1;
				DEVELOPMENT_ASSET_PATHS = "\"TeemonDeo/Preview Content\"";
				DEVELOPMENT_TEAM = GF3B5LP7RQ;
				ENABLE_PREVIEWS = YES;
				GENERATE_INFOPLIST_FILE = YES;
				INFOPLIST_FILE = TeemonDeo/Info.plist;
				INFOPLIST_KEY_UIApplicationSceneManifest_Generation = YES;
				INFOPLIST_KEY_UIApplicationSupportsIndirectInputEvents = YES;
				INFOPLIST_KEY_UILaunchScreen_Generation = YES;
				INFOPLIST_KEY_UISupportedInterfaceOrientations_iPad = "UIInterfaceOrientationPortrait UIInterfaceOrientationPortraitUpsideDown UIInterfaceOrientationLandscapeLeft UIInterfaceOrientationLandscapeRight";
				INFOPLIST_KEY_UISupportedInterfaceOrientations_iPhone = "UIInterfaceOrientationPortrait UIInterfaceOrientationLandscapeLeft UIInterfaceOrientationLandscapeRight";
				LD_RUNPATH_SEARCH_PATHS = (
					"$(inherited)",
					"@executable_path/Frameworks",
				);
				MARKETING_VERSION = 1.0;
				PRODUCT_BUNDLE_IDENTIFIER = com.teemondeo.TeemonDeo;
				PRODUCT_NAME = "$(TARGET_NAME)";
				SWIFT_EMIT_LOC_STRINGS = YES;
				SWIFT_VERSION = 5.0;
				TARGETED_DEVICE_FAMILY = "1,2";
			};
			name = Debug;
		};
		ADB8C4672C4F7E3000D5B9BC /* Release */ = {
			isa = XCBuildConfiguration;
			buildSettings = {
				ASSETCATALOG_COMPILER_APPICON_NAME = AppIcon;
				ASSETCATALOG_COMPILER_GLOBAL_ACCENT_COLOR_NAME = AccentColor;
				CODE_SIGN_ENTITLEMENTS = TeemonDeo/TeemonDeo.entitlements;
				CODE_SIGN_STYLE = Automatic;
				CURRENT_PROJECT_VERSION = 1;
				DEVELOPMENT_ASSET_PATHS = "\"TeemonDeo/Preview Content\"";
				DEVELOPMENT_TEAM = GF3B5LP7RQ;
				ENABLE_PREVIEWS = YES;
				GENERATE_INFOPLIST_FILE = YES;
				INFOPLIST_FILE = TeemonDeo/Info.plist;
				INFOPLIST_KEY_UIApplicationSceneManifest_Generation = YES;
				INFOPLIST_KEY_UIApplicationSupportsIndirectInputEvents = YES;
				INFOPLIST_KEY_UILaunchScreen_Generation = YES;
				INFOPLIST_KEY_UISupportedInterfaceOrientations_iPad = "UIInterfaceOrientationPortrait UIInterfaceOrientationPortraitUpsideDown UIInterfaceOrientationLandscapeLeft UIInterfaceOrientationLandscapeRight";
				INFOPLIST_KEY_UISupportedInterfaceOrientations_iPhone = "UIInterfaceOrientationPortrait UIInterfaceOrientationLandscapeLeft UIInterfaceOrientationLandscapeRight";
				LD_RUNPATH_SEARCH_PATHS = (
					"$(inherited)",
					"@executable_path/Frameworks",
				);
				MARKETING_VERSION = 1.0;
				PRODUCT_BUNDLE_IDENTIFIER = com.teemondeo.TeemonDeo;
				PRODUCT_NAME = "$(TARGET_NAME)";
				SWIFT_EMIT_LOC_STRINGS = YES;
				SWIFT_VERSION = 5.0;
				TARGETED_DEVICE_FAMILY = "1,2";
			};
			name = Release;
		};
/* End XCBuildConfiguration section */

/* Begin XCConfigurationList section */
		ADB8C4522C4F7E2F00D5B9BC /* Build configuration list for PBXProject "TeemonDeo" */ = {
			isa = XCConfigurationList;
			buildConfigurations = (
				ADB8C4632C4F7E3000D5B9BC /* Debug */,
				ADB8C4642C4F7E3000D5B9BC /* Release */,
			);
			defaultConfigurationIsVisible = 0;
			defaultConfigurationName = Release;
		};
		ADB8C4652C4F7E3000D5B9BC /* Build configuration list for PBXNativeTarget "TeemonDeo" */ = {
			isa = XCConfigurationList;
			buildConfigurations = (
				ADB8C4662C4F7E3000D5B9BC /* Debug */,
				ADB8C4672C4F7E3000D5B9BC /* Release */,
			);
			defaultConfigurationIsVisible = 0;
			defaultConfigurationName = Release;
		};
/* End XCConfigurationList section */

/* Begin XCRemoteSwiftPackageReference section */
		8B7543252C588E0100B1C53D /* XCRemoteSwiftPackageReference "GoogleSignIn-iOS" */ = {
			isa = XCRemoteSwiftPackageReference;
			repositoryURL = "https://github.com/google/GoogleSignIn-iOS.git";
			requirement = {
				kind = upToNextMajorVersion;
				minimumVersion = 7.1.0;
			};
		};
		8B75432A2C588E6400B1C53D /* XCRemoteSwiftPackageReference "lottie-ios" */ = {
			isa = XCRemoteSwiftPackageReference;
			repositoryURL = "https://github.com/airbnb/lottie-ios";
			requirement = {
				kind = upToNextMajorVersion;
				minimumVersion = 4.5.0;
			};
		};
		ADB8C46C2C4F7F4400D5B9BC /* XCRemoteSwiftPackageReference "firebase-ios-sdk" */ = {
			isa = XCRemoteSwiftPackageReference;
			repositoryURL = "https://github.com/firebase/firebase-ios-sdk";
			requirement = {
				kind = upToNextMajorVersion;
				minimumVersion = 10.29.0;
			};
		};
/* End XCRemoteSwiftPackageReference section */

/* Begin XCSwiftPackageProductDependency section */
		8B7543262C588E0100B1C53D /* GoogleSignIn */ = {
			isa = XCSwiftPackageProductDependency;
			package = 8B7543252C588E0100B1C53D /* XCRemoteSwiftPackageReference "GoogleSignIn-iOS" */;
			productName = GoogleSignIn;
		};
		8B7543282C588E0100B1C53D /* GoogleSignInSwift */ = {
			isa = XCSwiftPackageProductDependency;
			package = 8B7543252C588E0100B1C53D /* XCRemoteSwiftPackageReference "GoogleSignIn-iOS" */;
			productName = GoogleSignInSwift;
		};
		8B75432B2C588E6400B1C53D /* Lottie */ = {
			isa = XCSwiftPackageProductDependency;
			package = 8B75432A2C588E6400B1C53D /* XCRemoteSwiftPackageReference "lottie-ios" */;
			productName = Lottie;
		};
		8BAD01242C59D047002EC402 /* FirebaseFirestoreSwift */ = {
			isa = XCSwiftPackageProductDependency;
			package = ADB8C46C2C4F7F4400D5B9BC /* XCRemoteSwiftPackageReference "firebase-ios-sdk" */;
			productName = FirebaseFirestoreSwift;
		};
		ADB8C46D2C4F7F4400D5B9BC /* FirebaseAuth */ = {
			isa = XCSwiftPackageProductDependency;
			package = ADB8C46C2C4F7F4400D5B9BC /* XCRemoteSwiftPackageReference "firebase-ios-sdk" */;
			productName = FirebaseAuth;
		};
		ADB8C46F2C4F7F4400D5B9BC /* FirebaseFirestore */ = {
			isa = XCSwiftPackageProductDependency;
			package = ADB8C46C2C4F7F4400D5B9BC /* XCRemoteSwiftPackageReference "firebase-ios-sdk" */;
			productName = FirebaseFirestore;
		};
		ADB8C4712C4F7F4400D5B9BC /* FirebaseStorage */ = {
			isa = XCSwiftPackageProductDependency;
			package = ADB8C46C2C4F7F4400D5B9BC /* XCRemoteSwiftPackageReference "firebase-ios-sdk" */;
			productName = FirebaseStorage;
		};
/* End XCSwiftPackageProductDependency section */
	};
	rootObject = ADB8C44F2C4F7E2F00D5B9BC /* Project object */;
}
